// !$*UTF8*$!
{
	archiveVersion = 1;
	classes = {
	};
	objectVersion = 46;
	objects = {

/* Begin PBXBuildFile section */
		EC46790613F012A900533435 /* CreateChuteViewController.m in Sources */ = {isa = PBXBuildFile; fileRef = EC46790413F012A900533435 /* CreateChuteViewController.m */; };
		EC46790913F012DC00533435 /* CreateChuteViewController.xib in Resources */ = {isa = PBXBuildFile; fileRef = EC46790813F012DC00533435 /* CreateChuteViewController.xib */; };
		EC46790E13F0132C00533435 /* ListChutesViewController.m in Sources */ = {isa = PBXBuildFile; fileRef = EC46790C13F0132C00533435 /* ListChutesViewController.m */; };
		EC46791113F0134000533435 /* ListChutesViewController.xib in Resources */ = {isa = PBXBuildFile; fileRef = EC46791013F0134000533435 /* ListChutesViewController.xib */; };
		EC4AA109141CC18400F63435 /* GC_UIImage+Extras.m in Sources */ = {isa = PBXBuildFile; fileRef = EC4AA08E141CC18400F63435 /* GC_UIImage+Extras.m */; };
		EC4AA10A141CC18400F63435 /* GCAssetUploader.m in Sources */ = {isa = PBXBuildFile; fileRef = EC4AA092141CC18400F63435 /* GCAssetUploader.m */; };
		EC4AA10B141CC18400F63435 /* GCError.m in Sources */ = {isa = PBXBuildFile; fileRef = EC4AA095141CC18400F63435 /* GCError.m */; };
		EC4AA10C141CC18400F63435 /* GCRequest.m in Sources */ = {isa = PBXBuildFile; fileRef = EC4AA098141CC18400F63435 /* GCRequest.m */; };
		EC4AA10D141CC18400F63435 /* GCResource.m in Sources */ = {isa = PBXBuildFile; fileRef = EC4AA09A141CC18400F63435 /* GCResource.m */; };
		EC4AA10E141CC18400F63435 /* GCResponse.m in Sources */ = {isa = PBXBuildFile; fileRef = EC4AA09C141CC18400F63435 /* GCResponse.m */; };
		EC4AA10F141CC18400F63435 /* GCUploader.m in Sources */ = {isa = PBXBuildFile; fileRef = EC4AA09E141CC18400F63435 /* GCUploader.m */; };
		EC4AA110141CC18400F63435 /* GCAccount.m in Sources */ = {isa = PBXBuildFile; fileRef = EC4AA0A1141CC18400F63435 /* GCAccount.m */; };
		EC4AA111141CC18400F63435 /* GCAsset.m in Sources */ = {isa = PBXBuildFile; fileRef = EC4AA0A3141CC18400F63435 /* GCAsset.m */; };
		EC4AA112141CC18400F63435 /* GCChute.m in Sources */ = {isa = PBXBuildFile; fileRef = EC4AA0A5141CC18400F63435 /* GCChute.m */; };
		EC4AA113141CC18400F63435 /* GCComment.m in Sources */ = {isa = PBXBuildFile; fileRef = EC4AA0A7141CC18400F63435 /* GCComment.m */; };
		EC4AA114141CC18400F63435 /* GCParcel.m in Sources */ = {isa = PBXBuildFile; fileRef = EC4AA0A9141CC18400F63435 /* GCParcel.m */; };
		EC4AA115141CC18400F63435 /* GCUser.m in Sources */ = {isa = PBXBuildFile; fileRef = EC4AA0AB141CC18400F63435 /* GCUser.m */; };
		EC4AA116141CC18400F63435 /* GCAssetSliderComponent.m in Sources */ = {isa = PBXBuildFile; fileRef = EC4AA0AE141CC18400F63435 /* GCAssetSliderComponent.m */; };
		EC4AA117141CC18400F63435 /* GCCommentComponent.m in Sources */ = {isa = PBXBuildFile; fileRef = EC4AA0B0141CC18400F63435 /* GCCommentComponent.m */; };
		EC4AA118141CC18400F63435 /* GCImageSelectionComponent.m in Sources */ = {isa = PBXBuildFile; fileRef = EC4AA0B2141CC18400F63435 /* GCImageSelectionComponent.m */; };
		EC4AA119141CC18400F63435 /* GCLoginViewController.m in Sources */ = {isa = PBXBuildFile; fileRef = EC4AA0B4141CC18400F63435 /* GCLoginViewController.m */; };
		EC4AA11A141CC18400F63435 /* GCThumbnailComponent.m in Sources */ = {isa = PBXBuildFile; fileRef = EC4AA0B6141CC18400F63435 /* GCThumbnailComponent.m */; };
		EC4AA11B141CC18400F63435 /* GCUIBaseViewController.m in Sources */ = {isa = PBXBuildFile; fileRef = EC4AA0B8141CC18400F63435 /* GCUIBaseViewController.m */; };
		EC4AA11C141CC18400F63435 /* GCUploadComponent.m in Sources */ = {isa = PBXBuildFile; fileRef = EC4AA0BA141CC18400F63435 /* GCUploadComponent.m */; };
		EC4AA11D141CC18400F63435 /* GCAssetSliderComponent.xib in Resources */ = {isa = PBXBuildFile; fileRef = EC4AA0BF141CC18400F63435 /* GCAssetSliderComponent.xib */; };
		EC4AA11E141CC18400F63435 /* GCCommentComponent.xib in Resources */ = {isa = PBXBuildFile; fileRef = EC4AA0C0141CC18400F63435 /* GCCommentComponent.xib */; };
		EC4AA11F141CC18400F63435 /* GCImageSelectionComponent.xib in Resources */ = {isa = PBXBuildFile; fileRef = EC4AA0C1141CC18400F63435 /* GCImageSelectionComponent.xib */; };
		EC4AA120141CC18400F63435 /* GCLoginViewController.xib in Resources */ = {isa = PBXBuildFile; fileRef = EC4AA0C2141CC18400F63435 /* GCLoginViewController.xib */; };
		EC4AA121141CC18400F63435 /* GCThumbnailComponent.xib in Resources */ = {isa = PBXBuildFile; fileRef = EC4AA0C3141CC18400F63435 /* GCThumbnailComponent.xib */; };
		EC4AA122141CC18400F63435 /* GCUploadComponent.xib in Resources */ = {isa = PBXBuildFile; fileRef = EC4AA0C4141CC18400F63435 /* GCUploadComponent.xib */; };
		EC4AA123141CC18400F63435 /* ASIAuthenticationDialog.m in Sources */ = {isa = PBXBuildFile; fileRef = EC4AA0C8141CC18400F63435 /* ASIAuthenticationDialog.m */; };
		EC4AA124141CC18400F63435 /* ASIDataCompressor.m in Sources */ = {isa = PBXBuildFile; fileRef = EC4AA0CB141CC18400F63435 /* ASIDataCompressor.m */; };
		EC4AA125141CC18400F63435 /* ASIDataDecompressor.m in Sources */ = {isa = PBXBuildFile; fileRef = EC4AA0CD141CC18400F63435 /* ASIDataDecompressor.m */; };
		EC4AA126141CC18400F63435 /* ASIDownloadCache.m in Sources */ = {isa = PBXBuildFile; fileRef = EC4AA0CF141CC18400F63435 /* ASIDownloadCache.m */; };
		EC4AA127141CC18400F63435 /* ASIFormDataRequest.m in Sources */ = {isa = PBXBuildFile; fileRef = EC4AA0D1141CC18400F63435 /* ASIFormDataRequest.m */; };
		EC4AA128141CC18400F63435 /* ASIHTTPRequest.m in Sources */ = {isa = PBXBuildFile; fileRef = EC4AA0D3141CC18400F63435 /* ASIHTTPRequest.m */; };
		EC4AA129141CC18400F63435 /* ASIInputStream.m in Sources */ = {isa = PBXBuildFile; fileRef = EC4AA0D7141CC18400F63435 /* ASIInputStream.m */; };
		EC4AA12A141CC18400F63435 /* ASINetworkQueue.m in Sources */ = {isa = PBXBuildFile; fileRef = EC4AA0D9141CC18400F63435 /* ASINetworkQueue.m */; };
		EC4AA12B141CC18400F63435 /* Reachability.m in Sources */ = {isa = PBXBuildFile; fileRef = EC4AA0DD141CC18400F63435 /* Reachability.m */; };
		EC4AA12C141CC18400F63435 /* NSData+Base64.m in Sources */ = {isa = PBXBuildFile; fileRef = EC4AA0E0141CC18400F63435 /* NSData+Base64.m */; };
		EC4AA12D141CC18400F63435 /* NSDictionary+QueryString.m in Sources */ = {isa = PBXBuildFile; fileRef = EC4AA0E2141CC18400F63435 /* NSDictionary+QueryString.m */; };
		EC4AA12E141CC18400F63435 /* NSString+QueryString.m in Sources */ = {isa = PBXBuildFile; fileRef = EC4AA0E4141CC18400F63435 /* NSString+QueryString.m */; };
		EC4AA12F141CC18400F63435 /* KeychainItemWrapper.m in Sources */ = {isa = PBXBuildFile; fileRef = EC4AA0E7141CC18400F63435 /* KeychainItemWrapper.m */; };
		EC4AA130141CC18400F63435 /* NSObject+KVOBlockBinding.m in Sources */ = {isa = PBXBuildFile; fileRef = EC4AA0EA141CC18400F63435 /* NSObject+KVOBlockBinding.m */; };
		EC4AA131141CC18400F63435 /* MBProgressHUD.m in Sources */ = {isa = PBXBuildFile; fileRef = EC4AA0ED141CC18400F63435 /* MBProgressHUD.m */; };
		EC4AA132141CC18400F63435 /* NSObject+SBJson.m in Sources */ = {isa = PBXBuildFile; fileRef = EC4AA0F1141CC18400F63435 /* NSObject+SBJson.m */; };
		EC4AA133141CC18400F63435 /* SBJsonParser.m in Sources */ = {isa = PBXBuildFile; fileRef = EC4AA0F4141CC18400F63435 /* SBJsonParser.m */; };
		EC4AA134141CC18400F63435 /* SBJsonStreamParser.m in Sources */ = {isa = PBXBuildFile; fileRef = EC4AA0F6141CC18400F63435 /* SBJsonStreamParser.m */; };
		EC4AA135141CC18400F63435 /* SBJsonStreamParserAccumulator.m in Sources */ = {isa = PBXBuildFile; fileRef = EC4AA0F8141CC18400F63435 /* SBJsonStreamParserAccumulator.m */; };
		EC4AA136141CC18400F63435 /* SBJsonStreamParserAdapter.m in Sources */ = {isa = PBXBuildFile; fileRef = EC4AA0FA141CC18400F63435 /* SBJsonStreamParserAdapter.m */; };
		EC4AA137141CC18400F63435 /* SBJsonStreamParserState.m in Sources */ = {isa = PBXBuildFile; fileRef = EC4AA0FC141CC18400F63435 /* SBJsonStreamParserState.m */; };
		EC4AA138141CC18400F63435 /* SBJsonStreamWriter.m in Sources */ = {isa = PBXBuildFile; fileRef = EC4AA0FE141CC18400F63435 /* SBJsonStreamWriter.m */; };
		EC4AA139141CC18400F63435 /* SBJsonStreamWriterAccumulator.m in Sources */ = {isa = PBXBuildFile; fileRef = EC4AA100141CC18400F63435 /* SBJsonStreamWriterAccumulator.m */; };
		EC4AA13A141CC18400F63435 /* SBJsonStreamWriterState.m in Sources */ = {isa = PBXBuildFile; fileRef = EC4AA102141CC18400F63435 /* SBJsonStreamWriterState.m */; };
		EC4AA13B141CC18400F63435 /* SBJsonTokeniser.m in Sources */ = {isa = PBXBuildFile; fileRef = EC4AA104141CC18400F63435 /* SBJsonTokeniser.m */; };
		EC4AA13C141CC18400F63435 /* SBJsonUTF8Stream.m in Sources */ = {isa = PBXBuildFile; fileRef = EC4AA106141CC18400F63435 /* SBJsonUTF8Stream.m */; };
		EC4AA13D141CC18400F63435 /* SBJsonWriter.m in Sources */ = {isa = PBXBuildFile; fileRef = EC4AA108141CC18400F63435 /* SBJsonWriter.m */; };
		EC5B647D13F0019100EBA5A1 /* main.m in Sources */ = {isa = PBXBuildFile; fileRef = EC5B647C13F0019100EBA5A1 /* main.m */; };
		EC5B648113F0019100EBA5A1 /* KitchenSinkAppDelegate.m in Sources */ = {isa = PBXBuildFile; fileRef = EC5B648013F0019100EBA5A1 /* KitchenSinkAppDelegate.m */; };
		EC5B64A713F0023A00EBA5A1 /* AssetsLibrary.framework in Frameworks */ = {isa = PBXBuildFile; fileRef = EC5B649513F0022700EBA5A1 /* AssetsLibrary.framework */; };
		EC5B64A813F0023A00EBA5A1 /* CFNetwork.framework in Frameworks */ = {isa = PBXBuildFile; fileRef = EC5B649613F0022700EBA5A1 /* CFNetwork.framework */; };
		EC5B64A913F0023A00EBA5A1 /* CoreFoundation.framework in Frameworks */ = {isa = PBXBuildFile; fileRef = EC5B649713F0022700EBA5A1 /* CoreFoundation.framework */; };
		EC5B64AA13F0023A00EBA5A1 /* Foundation.framework in Frameworks */ = {isa = PBXBuildFile; fileRef = EC5B649813F0022800EBA5A1 /* Foundation.framework */; };
		EC5B64AB13F0023A00EBA5A1 /* libz.1.2.3.dylib in Frameworks */ = {isa = PBXBuildFile; fileRef = EC5B649913F0022800EBA5A1 /* libz.1.2.3.dylib */; };
		EC5B64AC13F0023A00EBA5A1 /* MobileCoreServices.framework in Frameworks */ = {isa = PBXBuildFile; fileRef = EC5B649A13F0022800EBA5A1 /* MobileCoreServices.framework */; };
		EC5B64AD13F0023A00EBA5A1 /* Security.framework in Frameworks */ = {isa = PBXBuildFile; fileRef = EC5B649B13F0022800EBA5A1 /* Security.framework */; };
		EC5B64AE13F0023A00EBA5A1 /* SystemConfiguration.framework in Frameworks */ = {isa = PBXBuildFile; fileRef = EC5B649C13F0022800EBA5A1 /* SystemConfiguration.framework */; };
		EC5B64AF13F0023A00EBA5A1 /* UIKit.framework in Frameworks */ = {isa = PBXBuildFile; fileRef = EC5B649D13F0022800EBA5A1 /* UIKit.framework */; };
		EC5B652C13F002AD00EBA5A1 /* CoreGraphics.framework in Frameworks */ = {isa = PBXBuildFile; fileRef = EC5B652A13F002A600EBA5A1 /* CoreGraphics.framework */; };
		EC5B653013F0043300EBA5A1 /* RootViewController.m in Sources */ = {isa = PBXBuildFile; fileRef = EC5B652E13F0043300EBA5A1 /* RootViewController.m */; };
		EC5B653813F0045A00EBA5A1 /* InfoPlist.strings in Resources */ = {isa = PBXBuildFile; fileRef = EC5B653313F0045A00EBA5A1 /* InfoPlist.strings */; };
		EC5B653913F0045A00EBA5A1 /* MainWindow.xib in Resources */ = {isa = PBXBuildFile; fileRef = EC5B653513F0045A00EBA5A1 /* MainWindow.xib */; };
		EC5B653A13F0045A00EBA5A1 /* RootViewController.xib in Resources */ = {isa = PBXBuildFile; fileRef = EC5B653713F0045A00EBA5A1 /* RootViewController.xib */; };
		EC5B653F13F006FC00EBA5A1 /* ChuteBaseViewController.m in Sources */ = {isa = PBXBuildFile; fileRef = EC5B653D13F006FC00EBA5A1 /* ChuteBaseViewController.m */; };
		EC5B654413F0070C00EBA5A1 /* PhotosBaseViewController.m in Sources */ = {isa = PBXBuildFile; fileRef = EC5B654213F0070C00EBA5A1 /* PhotosBaseViewController.m */; };
		EC5B654913F0071E00EBA5A1 /* BundlesBaseViewController.m in Sources */ = {isa = PBXBuildFile; fileRef = EC5B654713F0071E00EBA5A1 /* BundlesBaseViewController.m */; };
		EC5B654E13F0073A00EBA5A1 /* BundlesBaseViewController.xib in Resources */ = {isa = PBXBuildFile; fileRef = EC5B654B13F0073A00EBA5A1 /* BundlesBaseViewController.xib */; };
		EC5B654F13F0073A00EBA5A1 /* PhotosBaseViewController.xib in Resources */ = {isa = PBXBuildFile; fileRef = EC5B654C13F0073A00EBA5A1 /* PhotosBaseViewController.xib */; };
		EC5B655013F0073A00EBA5A1 /* ChuteBaseViewController.xib in Resources */ = {isa = PBXBuildFile; fileRef = EC5B654D13F0073A00EBA5A1 /* ChuteBaseViewController.xib */; };
		EC762DDC13F182390081E77E /* UIBaseViewController.m in Sources */ = {isa = PBXBuildFile; fileRef = EC762DDB13F182390081E77E /* UIBaseViewController.m */; };
		EC762E0313F184760081E77E /* AQGridView.m in Sources */ = {isa = PBXBuildFile; fileRef = EC762DE213F184760081E77E /* AQGridView.m */; };
		EC762E0413F184760081E77E /* AQGridViewAnimatorItem.m in Sources */ = {isa = PBXBuildFile; fileRef = EC762DE413F184760081E77E /* AQGridViewAnimatorItem.m */; };
		EC762E0513F184760081E77E /* AQGridViewCell.m in Sources */ = {isa = PBXBuildFile; fileRef = EC762DE713F184760081E77E /* AQGridViewCell.m */; };
		EC762E0613F184760081E77E /* AQGridViewController.m in Sources */ = {isa = PBXBuildFile; fileRef = EC762DE913F184760081E77E /* AQGridViewController.m */; };
		EC762E0713F184760081E77E /* AQGridViewData.m in Sources */ = {isa = PBXBuildFile; fileRef = EC762DEB13F184760081E77E /* AQGridViewData.m */; };
		EC762E0813F184760081E77E /* AQGridViewUpdateInfo.m in Sources */ = {isa = PBXBuildFile; fileRef = EC762DED13F184760081E77E /* AQGridViewUpdateInfo.m */; };
		EC762E0913F184760081E77E /* AQGridViewUpdateItem.m in Sources */ = {isa = PBXBuildFile; fileRef = EC762DEF13F184760081E77E /* AQGridViewUpdateItem.m */; };
		EC762E0A13F184760081E77E /* NSIndexSet+AQIndexesOutsideSet.m in Sources */ = {isa = PBXBuildFile; fileRef = EC762DF113F184760081E77E /* NSIndexSet+AQIndexesOutsideSet.m */; };
		EC762E0B13F184760081E77E /* NSIndexSet+AQIsSetContiguous.m in Sources */ = {isa = PBXBuildFile; fileRef = EC762DF313F184760081E77E /* NSIndexSet+AQIsSetContiguous.m */; };
		EC762E0C13F184760081E77E /* UIColor+AQGridView.m in Sources */ = {isa = PBXBuildFile; fileRef = EC762DF513F184760081E77E /* UIColor+AQGridView.m */; };
		EC762E0D13F184760081E77E /* SDImageCache.m in Sources */ = {isa = PBXBuildFile; fileRef = EC762DF813F184760081E77E /* SDImageCache.m */; };
		EC762E0E13F184760081E77E /* SDWebImageDownloader.m in Sources */ = {isa = PBXBuildFile; fileRef = EC762DFC13F184760081E77E /* SDWebImageDownloader.m */; };
		EC762E0F13F184760081E77E /* SDWebImageManager.m in Sources */ = {isa = PBXBuildFile; fileRef = EC762DFF13F184760081E77E /* SDWebImageManager.m */; };
		EC762E1013F184760081E77E /* UIImageView+WebCache.m in Sources */ = {isa = PBXBuildFile; fileRef = EC762E0213F184760081E77E /* UIImageView+WebCache.m */; };
		EC762E1813F185460081E77E /* AssetsGridViewController.m in Sources */ = {isa = PBXBuildFile; fileRef = EC762E1613F185460081E77E /* AssetsGridViewController.m */; };
		EC762E1B13F1855C0081E77E /* AssetsGridViewController.xib in Resources */ = {isa = PBXBuildFile; fileRef = EC762E1A13F1855C0081E77E /* AssetsGridViewController.xib */; };
		EC762E1E13F1867A0081E77E /* QuartzCore.framework in Frameworks */ = {isa = PBXBuildFile; fileRef = EC762E1C13F186700081E77E /* QuartzCore.framework */; };
		ECBDAAAE13F7F777003153F1 /* ImageScroller.m in Sources */ = {isa = PBXBuildFile; fileRef = ECBDAAAD13F7F777003153F1 /* ImageScroller.m */; };
		ECBDAAB213F7F7C9003153F1 /* PhotoViewer.m in Sources */ = {isa = PBXBuildFile; fileRef = ECBDAAB013F7F7C9003153F1 /* PhotoViewer.m */; };
		ECBDAAB513F7F7DC003153F1 /* PhotoViewer.xib in Resources */ = {isa = PBXBuildFile; fileRef = ECBDAAB413F7F7DC003153F1 /* PhotoViewer.xib */; };
		ECBDAABF13F7FB7D003153F1 /* placeholder.png in Resources */ = {isa = PBXBuildFile; fileRef = ECBDAABE13F7FB7D003153F1 /* placeholder.png */; };
		ECE1C60B13F6671500173383 /* PhotosGridViewController.m in Sources */ = {isa = PBXBuildFile; fileRef = ECE1C60913F6671500173383 /* PhotosGridViewController.m */; };
		ECE1C60E13F6672D00173383 /* PhotosGridViewController.xib in Resources */ = {isa = PBXBuildFile; fileRef = ECE1C60D13F6672D00173383 /* PhotosGridViewController.xib */; };
		ECE1C61113F667FB00173383 /* ImageGridViewCell.m in Sources */ = {isa = PBXBuildFile; fileRef = ECE1C61013F667FB00173383 /* ImageGridViewCell.m */; };
		ECE1C61513F66CE100173383 /* checkmark.png in Resources */ = {isa = PBXBuildFile; fileRef = ECE1C61313F66CE100173383 /* checkmark.png */; };
		ECE1C61613F66CE100173383 /* checkmark@2x.png in Resources */ = {isa = PBXBuildFile; fileRef = ECE1C61413F66CE100173383 /* checkmark@2x.png */; };
		ECE1C61A13F6EC7200173383 /* SelectChuteViewController.m in Sources */ = {isa = PBXBuildFile; fileRef = ECE1C61813F6EC7100173383 /* SelectChuteViewController.m */; };
		ECE1C61D13F6EC8900173383 /* SelectChuteViewController.xib in Resources */ = {isa = PBXBuildFile; fileRef = ECE1C61C13F6EC8900173383 /* SelectChuteViewController.xib */; };
/* End PBXBuildFile section */

/* Begin PBXFileReference section */
		EC46790313F012A900533435 /* CreateChuteViewController.h */ = {isa = PBXFileReference; fileEncoding = 4; lastKnownFileType = sourcecode.c.h; path = CreateChuteViewController.h; sourceTree = "<group>"; };
		EC46790413F012A900533435 /* CreateChuteViewController.m */ = {isa = PBXFileReference; fileEncoding = 4; lastKnownFileType = sourcecode.c.objc; path = CreateChuteViewController.m; sourceTree = "<group>"; };
		EC46790813F012DC00533435 /* CreateChuteViewController.xib */ = {isa = PBXFileReference; fileEncoding = 4; lastKnownFileType = file.xib; path = CreateChuteViewController.xib; sourceTree = "<group>"; };
		EC46790B13F0132C00533435 /* ListChutesViewController.h */ = {isa = PBXFileReference; fileEncoding = 4; lastKnownFileType = sourcecode.c.h; path = ListChutesViewController.h; sourceTree = "<group>"; };
		EC46790C13F0132C00533435 /* ListChutesViewController.m */ = {isa = PBXFileReference; fileEncoding = 4; lastKnownFileType = sourcecode.c.objc; path = ListChutesViewController.m; sourceTree = "<group>"; };
		EC46791013F0134000533435 /* ListChutesViewController.xib */ = {isa = PBXFileReference; fileEncoding = 4; lastKnownFileType = file.xib; path = ListChutesViewController.xib; sourceTree = "<group>"; };
		EC4AA08D141CC18400F63435 /* GC_UIImage+Extras.h */ = {isa = PBXFileReference; fileEncoding = 4; lastKnownFileType = sourcecode.c.h; path = "GC_UIImage+Extras.h"; sourceTree = "<group>"; };
		EC4AA08E141CC18400F63435 /* GC_UIImage+Extras.m */ = {isa = PBXFileReference; fileEncoding = 4; lastKnownFileType = sourcecode.c.objc; path = "GC_UIImage+Extras.m"; sourceTree = "<group>"; };
		EC4AA091141CC18400F63435 /* GCAssetUploader.h */ = {isa = PBXFileReference; fileEncoding = 4; lastKnownFileType = sourcecode.c.h; path = GCAssetUploader.h; sourceTree = "<group>"; };
		EC4AA092141CC18400F63435 /* GCAssetUploader.m */ = {isa = PBXFileReference; fileEncoding = 4; lastKnownFileType = sourcecode.c.objc; path = GCAssetUploader.m; sourceTree = "<group>"; };
		EC4AA093141CC18400F63435 /* GCConstants.h */ = {isa = PBXFileReference; fileEncoding = 4; lastKnownFileType = sourcecode.c.h; path = GCConstants.h; sourceTree = "<group>"; };
		EC4AA094141CC18400F63435 /* GCError.h */ = {isa = PBXFileReference; fileEncoding = 4; lastKnownFileType = sourcecode.c.h; path = GCError.h; sourceTree = "<group>"; };
		EC4AA095141CC18400F63435 /* GCError.m */ = {isa = PBXFileReference; fileEncoding = 4; lastKnownFileType = sourcecode.c.objc; path = GCError.m; sourceTree = "<group>"; };
		EC4AA096141CC18400F63435 /* GCMacros.h */ = {isa = PBXFileReference; fileEncoding = 4; lastKnownFileType = sourcecode.c.h; path = GCMacros.h; sourceTree = "<group>"; };
		EC4AA097141CC18400F63435 /* GCRequest.h */ = {isa = PBXFileReference; fileEncoding = 4; lastKnownFileType = sourcecode.c.h; path = GCRequest.h; sourceTree = "<group>"; };
		EC4AA098141CC18400F63435 /* GCRequest.m */ = {isa = PBXFileReference; fileEncoding = 4; lastKnownFileType = sourcecode.c.objc; path = GCRequest.m; sourceTree = "<group>"; };
		EC4AA099141CC18400F63435 /* GCResource.h */ = {isa = PBXFileReference; fileEncoding = 4; lastKnownFileType = sourcecode.c.h; path = GCResource.h; sourceTree = "<group>"; };
		EC4AA09A141CC18400F63435 /* GCResource.m */ = {isa = PBXFileReference; fileEncoding = 4; lastKnownFileType = sourcecode.c.objc; path = GCResource.m; sourceTree = "<group>"; };
		EC4AA09B141CC18400F63435 /* GCResponse.h */ = {isa = PBXFileReference; fileEncoding = 4; lastKnownFileType = sourcecode.c.h; path = GCResponse.h; sourceTree = "<group>"; };
		EC4AA09C141CC18400F63435 /* GCResponse.m */ = {isa = PBXFileReference; fileEncoding = 4; lastKnownFileType = sourcecode.c.objc; path = GCResponse.m; sourceTree = "<group>"; };
		EC4AA09D141CC18400F63435 /* GCUploader.h */ = {isa = PBXFileReference; fileEncoding = 4; lastKnownFileType = sourcecode.c.h; path = GCUploader.h; sourceTree = "<group>"; };
		EC4AA09E141CC18400F63435 /* GCUploader.m */ = {isa = PBXFileReference; fileEncoding = 4; lastKnownFileType = sourcecode.c.objc; path = GCUploader.m; sourceTree = "<group>"; };
		EC4AA0A0141CC18400F63435 /* GCAccount.h */ = {isa = PBXFileReference; fileEncoding = 4; lastKnownFileType = sourcecode.c.h; path = GCAccount.h; sourceTree = "<group>"; };
		EC4AA0A1141CC18400F63435 /* GCAccount.m */ = {isa = PBXFileReference; fileEncoding = 4; lastKnownFileType = sourcecode.c.objc; path = GCAccount.m; sourceTree = "<group>"; };
		EC4AA0A2141CC18400F63435 /* GCAsset.h */ = {isa = PBXFileReference; fileEncoding = 4; lastKnownFileType = sourcecode.c.h; path = GCAsset.h; sourceTree = "<group>"; };
		EC4AA0A3141CC18400F63435 /* GCAsset.m */ = {isa = PBXFileReference; fileEncoding = 4; lastKnownFileType = sourcecode.c.objc; path = GCAsset.m; sourceTree = "<group>"; };
		EC4AA0A4141CC18400F63435 /* GCChute.h */ = {isa = PBXFileReference; fileEncoding = 4; lastKnownFileType = sourcecode.c.h; path = GCChute.h; sourceTree = "<group>"; };
		EC4AA0A5141CC18400F63435 /* GCChute.m */ = {isa = PBXFileReference; fileEncoding = 4; lastKnownFileType = sourcecode.c.objc; path = GCChute.m; sourceTree = "<group>"; };
		EC4AA0A6141CC18400F63435 /* GCComment.h */ = {isa = PBXFileReference; fileEncoding = 4; lastKnownFileType = sourcecode.c.h; path = GCComment.h; sourceTree = "<group>"; };
		EC4AA0A7141CC18400F63435 /* GCComment.m */ = {isa = PBXFileReference; fileEncoding = 4; lastKnownFileType = sourcecode.c.objc; path = GCComment.m; sourceTree = "<group>"; };
		EC4AA0A8141CC18400F63435 /* GCParcel.h */ = {isa = PBXFileReference; fileEncoding = 4; lastKnownFileType = sourcecode.c.h; path = GCParcel.h; sourceTree = "<group>"; };
		EC4AA0A9141CC18400F63435 /* GCParcel.m */ = {isa = PBXFileReference; fileEncoding = 4; lastKnownFileType = sourcecode.c.objc; path = GCParcel.m; sourceTree = "<group>"; };
		EC4AA0AA141CC18400F63435 /* GCUser.h */ = {isa = PBXFileReference; fileEncoding = 4; lastKnownFileType = sourcecode.c.h; path = GCUser.h; sourceTree = "<group>"; };
		EC4AA0AB141CC18400F63435 /* GCUser.m */ = {isa = PBXFileReference; fileEncoding = 4; lastKnownFileType = sourcecode.c.objc; path = GCUser.m; sourceTree = "<group>"; };
		EC4AA0AD141CC18400F63435 /* GCAssetSliderComponent.h */ = {isa = PBXFileReference; fileEncoding = 4; lastKnownFileType = sourcecode.c.h; path = GCAssetSliderComponent.h; sourceTree = "<group>"; };
		EC4AA0AE141CC18400F63435 /* GCAssetSliderComponent.m */ = {isa = PBXFileReference; fileEncoding = 4; lastKnownFileType = sourcecode.c.objc; path = GCAssetSliderComponent.m; sourceTree = "<group>"; };
		EC4AA0AF141CC18400F63435 /* GCCommentComponent.h */ = {isa = PBXFileReference; fileEncoding = 4; lastKnownFileType = sourcecode.c.h; path = GCCommentComponent.h; sourceTree = "<group>"; };
		EC4AA0B0141CC18400F63435 /* GCCommentComponent.m */ = {isa = PBXFileReference; fileEncoding = 4; lastKnownFileType = sourcecode.c.objc; path = GCCommentComponent.m; sourceTree = "<group>"; };
		EC4AA0B1141CC18400F63435 /* GCImageSelectionComponent.h */ = {isa = PBXFileReference; fileEncoding = 4; lastKnownFileType = sourcecode.c.h; path = GCImageSelectionComponent.h; sourceTree = "<group>"; };
		EC4AA0B2141CC18400F63435 /* GCImageSelectionComponent.m */ = {isa = PBXFileReference; fileEncoding = 4; lastKnownFileType = sourcecode.c.objc; path = GCImageSelectionComponent.m; sourceTree = "<group>"; };
		EC4AA0B3141CC18400F63435 /* GCLoginViewController.h */ = {isa = PBXFileReference; fileEncoding = 4; lastKnownFileType = sourcecode.c.h; path = GCLoginViewController.h; sourceTree = "<group>"; };
		EC4AA0B4141CC18400F63435 /* GCLoginViewController.m */ = {isa = PBXFileReference; fileEncoding = 4; lastKnownFileType = sourcecode.c.objc; path = GCLoginViewController.m; sourceTree = "<group>"; };
		EC4AA0B5141CC18400F63435 /* GCThumbnailComponent.h */ = {isa = PBXFileReference; fileEncoding = 4; lastKnownFileType = sourcecode.c.h; path = GCThumbnailComponent.h; sourceTree = "<group>"; };
		EC4AA0B6141CC18400F63435 /* GCThumbnailComponent.m */ = {isa = PBXFileReference; fileEncoding = 4; lastKnownFileType = sourcecode.c.objc; path = GCThumbnailComponent.m; sourceTree = "<group>"; };
		EC4AA0B7141CC18400F63435 /* GCUIBaseViewController.h */ = {isa = PBXFileReference; fileEncoding = 4; lastKnownFileType = sourcecode.c.h; path = GCUIBaseViewController.h; sourceTree = "<group>"; };
		EC4AA0B8141CC18400F63435 /* GCUIBaseViewController.m */ = {isa = PBXFileReference; fileEncoding = 4; lastKnownFileType = sourcecode.c.objc; path = GCUIBaseViewController.m; sourceTree = "<group>"; };
		EC4AA0B9141CC18400F63435 /* GCUploadComponent.h */ = {isa = PBXFileReference; fileEncoding = 4; lastKnownFileType = sourcecode.c.h; path = GCUploadComponent.h; sourceTree = "<group>"; };
		EC4AA0BA141CC18400F63435 /* GCUploadComponent.m */ = {isa = PBXFileReference; fileEncoding = 4; lastKnownFileType = sourcecode.c.objc; path = GCUploadComponent.m; sourceTree = "<group>"; };
		EC4AA0BC141CC18400F63435 /* GetChute.h */ = {isa = PBXFileReference; fileEncoding = 4; lastKnownFileType = sourcecode.c.h; path = GetChute.h; sourceTree = "<group>"; };
		EC4AA0BF141CC18400F63435 /* GCAssetSliderComponent.xib */ = {isa = PBXFileReference; fileEncoding = 4; lastKnownFileType = file.xib; path = GCAssetSliderComponent.xib; sourceTree = "<group>"; };
		EC4AA0C0141CC18400F63435 /* GCCommentComponent.xib */ = {isa = PBXFileReference; fileEncoding = 4; lastKnownFileType = file.xib; path = GCCommentComponent.xib; sourceTree = "<group>"; };
		EC4AA0C1141CC18400F63435 /* GCImageSelectionComponent.xib */ = {isa = PBXFileReference; fileEncoding = 4; lastKnownFileType = file.xib; path = GCImageSelectionComponent.xib; sourceTree = "<group>"; };
		EC4AA0C2141CC18400F63435 /* GCLoginViewController.xib */ = {isa = PBXFileReference; fileEncoding = 4; lastKnownFileType = file.xib; path = GCLoginViewController.xib; sourceTree = "<group>"; };
		EC4AA0C3141CC18400F63435 /* GCThumbnailComponent.xib */ = {isa = PBXFileReference; fileEncoding = 4; lastKnownFileType = file.xib; path = GCThumbnailComponent.xib; sourceTree = "<group>"; };
		EC4AA0C4141CC18400F63435 /* GCUploadComponent.xib */ = {isa = PBXFileReference; fileEncoding = 4; lastKnownFileType = file.xib; path = GCUploadComponent.xib; sourceTree = "<group>"; };
		EC4AA0C7141CC18400F63435 /* ASIAuthenticationDialog.h */ = {isa = PBXFileReference; fileEncoding = 4; lastKnownFileType = sourcecode.c.h; path = ASIAuthenticationDialog.h; sourceTree = "<group>"; };
		EC4AA0C8141CC18400F63435 /* ASIAuthenticationDialog.m */ = {isa = PBXFileReference; fileEncoding = 4; lastKnownFileType = sourcecode.c.objc; path = ASIAuthenticationDialog.m; sourceTree = "<group>"; };
		EC4AA0C9141CC18400F63435 /* ASICacheDelegate.h */ = {isa = PBXFileReference; fileEncoding = 4; lastKnownFileType = sourcecode.c.h; path = ASICacheDelegate.h; sourceTree = "<group>"; };
		EC4AA0CA141CC18400F63435 /* ASIDataCompressor.h */ = {isa = PBXFileReference; fileEncoding = 4; lastKnownFileType = sourcecode.c.h; path = ASIDataCompressor.h; sourceTree = "<group>"; };
		EC4AA0CB141CC18400F63435 /* ASIDataCompressor.m */ = {isa = PBXFileReference; fileEncoding = 4; lastKnownFileType = sourcecode.c.objc; path = ASIDataCompressor.m; sourceTree = "<group>"; };
		EC4AA0CC141CC18400F63435 /* ASIDataDecompressor.h */ = {isa = PBXFileReference; fileEncoding = 4; lastKnownFileType = sourcecode.c.h; path = ASIDataDecompressor.h; sourceTree = "<group>"; };
		EC4AA0CD141CC18400F63435 /* ASIDataDecompressor.m */ = {isa = PBXFileReference; fileEncoding = 4; lastKnownFileType = sourcecode.c.objc; path = ASIDataDecompressor.m; sourceTree = "<group>"; };
		EC4AA0CE141CC18400F63435 /* ASIDownloadCache.h */ = {isa = PBXFileReference; fileEncoding = 4; lastKnownFileType = sourcecode.c.h; path = ASIDownloadCache.h; sourceTree = "<group>"; };
		EC4AA0CF141CC18400F63435 /* ASIDownloadCache.m */ = {isa = PBXFileReference; fileEncoding = 4; lastKnownFileType = sourcecode.c.objc; path = ASIDownloadCache.m; sourceTree = "<group>"; };
		EC4AA0D0141CC18400F63435 /* ASIFormDataRequest.h */ = {isa = PBXFileReference; fileEncoding = 4; lastKnownFileType = sourcecode.c.h; path = ASIFormDataRequest.h; sourceTree = "<group>"; };
		EC4AA0D1141CC18400F63435 /* ASIFormDataRequest.m */ = {isa = PBXFileReference; fileEncoding = 4; lastKnownFileType = sourcecode.c.objc; path = ASIFormDataRequest.m; sourceTree = "<group>"; };
		EC4AA0D2141CC18400F63435 /* ASIHTTPRequest.h */ = {isa = PBXFileReference; fileEncoding = 4; lastKnownFileType = sourcecode.c.h; path = ASIHTTPRequest.h; sourceTree = "<group>"; };
		EC4AA0D3141CC18400F63435 /* ASIHTTPRequest.m */ = {isa = PBXFileReference; fileEncoding = 4; lastKnownFileType = sourcecode.c.objc; path = ASIHTTPRequest.m; sourceTree = "<group>"; };
		EC4AA0D4141CC18400F63435 /* ASIHTTPRequestConfig.h */ = {isa = PBXFileReference; fileEncoding = 4; lastKnownFileType = sourcecode.c.h; path = ASIHTTPRequestConfig.h; sourceTree = "<group>"; };
		EC4AA0D5141CC18400F63435 /* ASIHTTPRequestDelegate.h */ = {isa = PBXFileReference; fileEncoding = 4; lastKnownFileType = sourcecode.c.h; path = ASIHTTPRequestDelegate.h; sourceTree = "<group>"; };
		EC4AA0D6141CC18400F63435 /* ASIInputStream.h */ = {isa = PBXFileReference; fileEncoding = 4; lastKnownFileType = sourcecode.c.h; path = ASIInputStream.h; sourceTree = "<group>"; };
		EC4AA0D7141CC18400F63435 /* ASIInputStream.m */ = {isa = PBXFileReference; fileEncoding = 4; lastKnownFileType = sourcecode.c.objc; path = ASIInputStream.m; sourceTree = "<group>"; };
		EC4AA0D8141CC18400F63435 /* ASINetworkQueue.h */ = {isa = PBXFileReference; fileEncoding = 4; lastKnownFileType = sourcecode.c.h; path = ASINetworkQueue.h; sourceTree = "<group>"; };
		EC4AA0D9141CC18400F63435 /* ASINetworkQueue.m */ = {isa = PBXFileReference; fileEncoding = 4; lastKnownFileType = sourcecode.c.objc; path = ASINetworkQueue.m; sourceTree = "<group>"; };
		EC4AA0DA141CC18400F63435 /* ASIProgressDelegate.h */ = {isa = PBXFileReference; fileEncoding = 4; lastKnownFileType = sourcecode.c.h; path = ASIProgressDelegate.h; sourceTree = "<group>"; };
		EC4AA0DC141CC18400F63435 /* Reachability.h */ = {isa = PBXFileReference; fileEncoding = 4; lastKnownFileType = sourcecode.c.h; path = Reachability.h; sourceTree = "<group>"; };
		EC4AA0DD141CC18400F63435 /* Reachability.m */ = {isa = PBXFileReference; fileEncoding = 4; lastKnownFileType = sourcecode.c.objc; path = Reachability.m; sourceTree = "<group>"; };
		EC4AA0DF141CC18400F63435 /* NSData+Base64.h */ = {isa = PBXFileReference; fileEncoding = 4; lastKnownFileType = sourcecode.c.h; path = "NSData+Base64.h"; sourceTree = "<group>"; };
		EC4AA0E0141CC18400F63435 /* NSData+Base64.m */ = {isa = PBXFileReference; fileEncoding = 4; lastKnownFileType = sourcecode.c.objc; path = "NSData+Base64.m"; sourceTree = "<group>"; };
		EC4AA0E1141CC18400F63435 /* NSDictionary+QueryString.h */ = {isa = PBXFileReference; fileEncoding = 4; lastKnownFileType = sourcecode.c.h; path = "NSDictionary+QueryString.h"; sourceTree = "<group>"; };
		EC4AA0E2141CC18400F63435 /* NSDictionary+QueryString.m */ = {isa = PBXFileReference; fileEncoding = 4; lastKnownFileType = sourcecode.c.objc; path = "NSDictionary+QueryString.m"; sourceTree = "<group>"; };
		EC4AA0E3141CC18400F63435 /* NSString+QueryString.h */ = {isa = PBXFileReference; fileEncoding = 4; lastKnownFileType = sourcecode.c.h; path = "NSString+QueryString.h"; sourceTree = "<group>"; };
		EC4AA0E4141CC18400F63435 /* NSString+QueryString.m */ = {isa = PBXFileReference; fileEncoding = 4; lastKnownFileType = sourcecode.c.objc; path = "NSString+QueryString.m"; sourceTree = "<group>"; };
		EC4AA0E6141CC18400F63435 /* KeychainItemWrapper.h */ = {isa = PBXFileReference; fileEncoding = 4; lastKnownFileType = sourcecode.c.h; path = KeychainItemWrapper.h; sourceTree = "<group>"; };
		EC4AA0E7141CC18400F63435 /* KeychainItemWrapper.m */ = {isa = PBXFileReference; fileEncoding = 4; lastKnownFileType = sourcecode.c.objc; path = KeychainItemWrapper.m; sourceTree = "<group>"; };
		EC4AA0E9141CC18400F63435 /* NSObject+KVOBlockBinding.h */ = {isa = PBXFileReference; fileEncoding = 4; lastKnownFileType = sourcecode.c.h; path = "NSObject+KVOBlockBinding.h"; sourceTree = "<group>"; };
		EC4AA0EA141CC18400F63435 /* NSObject+KVOBlockBinding.m */ = {isa = PBXFileReference; fileEncoding = 4; lastKnownFileType = sourcecode.c.objc; path = "NSObject+KVOBlockBinding.m"; sourceTree = "<group>"; };
		EC4AA0EC141CC18400F63435 /* MBProgressHUD.h */ = {isa = PBXFileReference; fileEncoding = 4; lastKnownFileType = sourcecode.c.h; path = MBProgressHUD.h; sourceTree = "<group>"; };
		EC4AA0ED141CC18400F63435 /* MBProgressHUD.m */ = {isa = PBXFileReference; fileEncoding = 4; lastKnownFileType = sourcecode.c.objc; path = MBProgressHUD.m; sourceTree = "<group>"; };
		EC4AA0EF141CC18400F63435 /* JSON.h */ = {isa = PBXFileReference; fileEncoding = 4; lastKnownFileType = sourcecode.c.h; path = JSON.h; sourceTree = "<group>"; };
		EC4AA0F0141CC18400F63435 /* NSObject+SBJson.h */ = {isa = PBXFileReference; fileEncoding = 4; lastKnownFileType = sourcecode.c.h; path = "NSObject+SBJson.h"; sourceTree = "<group>"; };
		EC4AA0F1141CC18400F63435 /* NSObject+SBJson.m */ = {isa = PBXFileReference; fileEncoding = 4; lastKnownFileType = sourcecode.c.objc; path = "NSObject+SBJson.m"; sourceTree = "<group>"; };
		EC4AA0F2141CC18400F63435 /* SBJson.h */ = {isa = PBXFileReference; fileEncoding = 4; lastKnownFileType = sourcecode.c.h; path = SBJson.h; sourceTree = "<group>"; };
		EC4AA0F3141CC18400F63435 /* SBJsonParser.h */ = {isa = PBXFileReference; fileEncoding = 4; lastKnownFileType = sourcecode.c.h; path = SBJsonParser.h; sourceTree = "<group>"; };
		EC4AA0F4141CC18400F63435 /* SBJsonParser.m */ = {isa = PBXFileReference; fileEncoding = 4; lastKnownFileType = sourcecode.c.objc; path = SBJsonParser.m; sourceTree = "<group>"; };
		EC4AA0F5141CC18400F63435 /* SBJsonStreamParser.h */ = {isa = PBXFileReference; fileEncoding = 4; lastKnownFileType = sourcecode.c.h; path = SBJsonStreamParser.h; sourceTree = "<group>"; };
		EC4AA0F6141CC18400F63435 /* SBJsonStreamParser.m */ = {isa = PBXFileReference; fileEncoding = 4; lastKnownFileType = sourcecode.c.objc; path = SBJsonStreamParser.m; sourceTree = "<group>"; };
		EC4AA0F7141CC18400F63435 /* SBJsonStreamParserAccumulator.h */ = {isa = PBXFileReference; fileEncoding = 4; lastKnownFileType = sourcecode.c.h; path = SBJsonStreamParserAccumulator.h; sourceTree = "<group>"; };
		EC4AA0F8141CC18400F63435 /* SBJsonStreamParserAccumulator.m */ = {isa = PBXFileReference; fileEncoding = 4; lastKnownFileType = sourcecode.c.objc; path = SBJsonStreamParserAccumulator.m; sourceTree = "<group>"; };
		EC4AA0F9141CC18400F63435 /* SBJsonStreamParserAdapter.h */ = {isa = PBXFileReference; fileEncoding = 4; lastKnownFileType = sourcecode.c.h; path = SBJsonStreamParserAdapter.h; sourceTree = "<group>"; };
		EC4AA0FA141CC18400F63435 /* SBJsonStreamParserAdapter.m */ = {isa = PBXFileReference; fileEncoding = 4; lastKnownFileType = sourcecode.c.objc; path = SBJsonStreamParserAdapter.m; sourceTree = "<group>"; };
		EC4AA0FB141CC18400F63435 /* SBJsonStreamParserState.h */ = {isa = PBXFileReference; fileEncoding = 4; lastKnownFileType = sourcecode.c.h; path = SBJsonStreamParserState.h; sourceTree = "<group>"; };
		EC4AA0FC141CC18400F63435 /* SBJsonStreamParserState.m */ = {isa = PBXFileReference; fileEncoding = 4; lastKnownFileType = sourcecode.c.objc; path = SBJsonStreamParserState.m; sourceTree = "<group>"; };
		EC4AA0FD141CC18400F63435 /* SBJsonStreamWriter.h */ = {isa = PBXFileReference; fileEncoding = 4; lastKnownFileType = sourcecode.c.h; path = SBJsonStreamWriter.h; sourceTree = "<group>"; };
		EC4AA0FE141CC18400F63435 /* SBJsonStreamWriter.m */ = {isa = PBXFileReference; fileEncoding = 4; lastKnownFileType = sourcecode.c.objc; path = SBJsonStreamWriter.m; sourceTree = "<group>"; };
		EC4AA0FF141CC18400F63435 /* SBJsonStreamWriterAccumulator.h */ = {isa = PBXFileReference; fileEncoding = 4; lastKnownFileType = sourcecode.c.h; path = SBJsonStreamWriterAccumulator.h; sourceTree = "<group>"; };
		EC4AA100141CC18400F63435 /* SBJsonStreamWriterAccumulator.m */ = {isa = PBXFileReference; fileEncoding = 4; lastKnownFileType = sourcecode.c.objc; path = SBJsonStreamWriterAccumulator.m; sourceTree = "<group>"; };
		EC4AA101141CC18400F63435 /* SBJsonStreamWriterState.h */ = {isa = PBXFileReference; fileEncoding = 4; lastKnownFileType = sourcecode.c.h; path = SBJsonStreamWriterState.h; sourceTree = "<group>"; };
		EC4AA102141CC18400F63435 /* SBJsonStreamWriterState.m */ = {isa = PBXFileReference; fileEncoding = 4; lastKnownFileType = sourcecode.c.objc; path = SBJsonStreamWriterState.m; sourceTree = "<group>"; };
		EC4AA103141CC18400F63435 /* SBJsonTokeniser.h */ = {isa = PBXFileReference; fileEncoding = 4; lastKnownFileType = sourcecode.c.h; path = SBJsonTokeniser.h; sourceTree = "<group>"; };
		EC4AA104141CC18400F63435 /* SBJsonTokeniser.m */ = {isa = PBXFileReference; fileEncoding = 4; lastKnownFileType = sourcecode.c.objc; path = SBJsonTokeniser.m; sourceTree = "<group>"; };
		EC4AA105141CC18400F63435 /* SBJsonUTF8Stream.h */ = {isa = PBXFileReference; fileEncoding = 4; lastKnownFileType = sourcecode.c.h; path = SBJsonUTF8Stream.h; sourceTree = "<group>"; };
		EC4AA106141CC18400F63435 /* SBJsonUTF8Stream.m */ = {isa = PBXFileReference; fileEncoding = 4; lastKnownFileType = sourcecode.c.objc; path = SBJsonUTF8Stream.m; sourceTree = "<group>"; };
		EC4AA107141CC18400F63435 /* SBJsonWriter.h */ = {isa = PBXFileReference; fileEncoding = 4; lastKnownFileType = sourcecode.c.h; path = SBJsonWriter.h; sourceTree = "<group>"; };
		EC4AA108141CC18400F63435 /* SBJsonWriter.m */ = {isa = PBXFileReference; fileEncoding = 4; lastKnownFileType = sourcecode.c.objc; path = SBJsonWriter.m; sourceTree = "<group>"; };
		EC5B646C13F0019100EBA5A1 /* KitchenSink.app */ = {isa = PBXFileReference; explicitFileType = wrapper.application; includeInIndex = 0; path = KitchenSink.app; sourceTree = BUILT_PRODUCTS_DIR; };
		EC5B647813F0019100EBA5A1 /* KitchenSink-Info.plist */ = {isa = PBXFileReference; lastKnownFileType = text.plist.xml; path = "KitchenSink-Info.plist"; sourceTree = "<group>"; };
		EC5B647C13F0019100EBA5A1 /* main.m */ = {isa = PBXFileReference; lastKnownFileType = sourcecode.c.objc; path = main.m; sourceTree = "<group>"; };
		EC5B647E13F0019100EBA5A1 /* KitchenSink-Prefix.pch */ = {isa = PBXFileReference; lastKnownFileType = sourcecode.c.h; path = "KitchenSink-Prefix.pch"; sourceTree = "<group>"; };
		EC5B647F13F0019100EBA5A1 /* KitchenSinkAppDelegate.h */ = {isa = PBXFileReference; lastKnownFileType = sourcecode.c.h; path = KitchenSinkAppDelegate.h; sourceTree = "<group>"; };
		EC5B648013F0019100EBA5A1 /* KitchenSinkAppDelegate.m */ = {isa = PBXFileReference; lastKnownFileType = sourcecode.c.objc; path = KitchenSinkAppDelegate.m; sourceTree = "<group>"; };
		EC5B649513F0022700EBA5A1 /* AssetsLibrary.framework */ = {isa = PBXFileReference; lastKnownFileType = wrapper.framework; name = AssetsLibrary.framework; path = System/Library/Frameworks/AssetsLibrary.framework; sourceTree = SDKROOT; };
		EC5B649613F0022700EBA5A1 /* CFNetwork.framework */ = {isa = PBXFileReference; lastKnownFileType = wrapper.framework; name = CFNetwork.framework; path = System/Library/Frameworks/CFNetwork.framework; sourceTree = SDKROOT; };
		EC5B649713F0022700EBA5A1 /* CoreFoundation.framework */ = {isa = PBXFileReference; lastKnownFileType = wrapper.framework; name = CoreFoundation.framework; path = System/Library/Frameworks/CoreFoundation.framework; sourceTree = SDKROOT; };
		EC5B649813F0022800EBA5A1 /* Foundation.framework */ = {isa = PBXFileReference; lastKnownFileType = wrapper.framework; name = Foundation.framework; path = System/Library/Frameworks/Foundation.framework; sourceTree = SDKROOT; };
		EC5B649913F0022800EBA5A1 /* libz.1.2.3.dylib */ = {isa = PBXFileReference; lastKnownFileType = "compiled.mach-o.dylib"; name = libz.1.2.3.dylib; path = usr/lib/libz.1.2.3.dylib; sourceTree = SDKROOT; };
		EC5B649A13F0022800EBA5A1 /* MobileCoreServices.framework */ = {isa = PBXFileReference; lastKnownFileType = wrapper.framework; name = MobileCoreServices.framework; path = System/Library/Frameworks/MobileCoreServices.framework; sourceTree = SDKROOT; };
		EC5B649B13F0022800EBA5A1 /* Security.framework */ = {isa = PBXFileReference; lastKnownFileType = wrapper.framework; name = Security.framework; path = System/Library/Frameworks/Security.framework; sourceTree = SDKROOT; };
		EC5B649C13F0022800EBA5A1 /* SystemConfiguration.framework */ = {isa = PBXFileReference; lastKnownFileType = wrapper.framework; name = SystemConfiguration.framework; path = System/Library/Frameworks/SystemConfiguration.framework; sourceTree = SDKROOT; };
		EC5B649D13F0022800EBA5A1 /* UIKit.framework */ = {isa = PBXFileReference; lastKnownFileType = wrapper.framework; name = UIKit.framework; path = System/Library/Frameworks/UIKit.framework; sourceTree = SDKROOT; };
		EC5B652A13F002A600EBA5A1 /* CoreGraphics.framework */ = {isa = PBXFileReference; lastKnownFileType = wrapper.framework; name = CoreGraphics.framework; path = System/Library/Frameworks/CoreGraphics.framework; sourceTree = SDKROOT; };
		EC5B652D13F0043300EBA5A1 /* RootViewController.h */ = {isa = PBXFileReference; fileEncoding = 4; lastKnownFileType = sourcecode.c.h; path = RootViewController.h; sourceTree = "<group>"; };
		EC5B652E13F0043300EBA5A1 /* RootViewController.m */ = {isa = PBXFileReference; fileEncoding = 4; lastKnownFileType = sourcecode.c.objc; path = RootViewController.m; sourceTree = "<group>"; };
		EC5B653413F0045A00EBA5A1 /* en */ = {isa = PBXFileReference; lastKnownFileType = text.plist.strings; name = en; path = en.lproj/InfoPlist.strings; sourceTree = "<group>"; };
		EC5B653613F0045A00EBA5A1 /* en */ = {isa = PBXFileReference; lastKnownFileType = file.xib; name = en; path = en.lproj/MainWindow.xib; sourceTree = "<group>"; };
		EC5B653713F0045A00EBA5A1 /* RootViewController.xib */ = {isa = PBXFileReference; fileEncoding = 4; lastKnownFileType = file.xib; path = RootViewController.xib; sourceTree = "<group>"; };
		EC5B653C13F006FC00EBA5A1 /* ChuteBaseViewController.h */ = {isa = PBXFileReference; fileEncoding = 4; lastKnownFileType = sourcecode.c.h; path = ChuteBaseViewController.h; sourceTree = "<group>"; };
		EC5B653D13F006FC00EBA5A1 /* ChuteBaseViewController.m */ = {isa = PBXFileReference; fileEncoding = 4; lastKnownFileType = sourcecode.c.objc; path = ChuteBaseViewController.m; sourceTree = "<group>"; };
		EC5B654113F0070C00EBA5A1 /* PhotosBaseViewController.h */ = {isa = PBXFileReference; fileEncoding = 4; lastKnownFileType = sourcecode.c.h; path = PhotosBaseViewController.h; sourceTree = "<group>"; };
		EC5B654213F0070C00EBA5A1 /* PhotosBaseViewController.m */ = {isa = PBXFileReference; fileEncoding = 4; lastKnownFileType = sourcecode.c.objc; path = PhotosBaseViewController.m; sourceTree = "<group>"; };
		EC5B654613F0071E00EBA5A1 /* BundlesBaseViewController.h */ = {isa = PBXFileReference; fileEncoding = 4; lastKnownFileType = sourcecode.c.h; path = BundlesBaseViewController.h; sourceTree = "<group>"; };
		EC5B654713F0071E00EBA5A1 /* BundlesBaseViewController.m */ = {isa = PBXFileReference; fileEncoding = 4; lastKnownFileType = sourcecode.c.objc; path = BundlesBaseViewController.m; sourceTree = "<group>"; };
		EC5B654B13F0073A00EBA5A1 /* BundlesBaseViewController.xib */ = {isa = PBXFileReference; fileEncoding = 4; lastKnownFileType = file.xib; path = BundlesBaseViewController.xib; sourceTree = "<group>"; };
		EC5B654C13F0073A00EBA5A1 /* PhotosBaseViewController.xib */ = {isa = PBXFileReference; fileEncoding = 4; lastKnownFileType = file.xib; path = PhotosBaseViewController.xib; sourceTree = "<group>"; };
		EC5B654D13F0073A00EBA5A1 /* ChuteBaseViewController.xib */ = {isa = PBXFileReference; fileEncoding = 4; lastKnownFileType = file.xib; path = ChuteBaseViewController.xib; sourceTree = "<group>"; };
		EC762DDA13F182390081E77E /* UIBaseViewController.h */ = {isa = PBXFileReference; fileEncoding = 4; lastKnownFileType = sourcecode.c.h; path = UIBaseViewController.h; sourceTree = "<group>"; };
		EC762DDB13F182390081E77E /* UIBaseViewController.m */ = {isa = PBXFileReference; fileEncoding = 4; lastKnownFileType = sourcecode.c.objc; path = UIBaseViewController.m; sourceTree = "<group>"; };
		EC762DDF13F184760081E77E /* AQGridView+CellLayout.h */ = {isa = PBXFileReference; fileEncoding = 4; lastKnownFileType = sourcecode.c.h; path = "AQGridView+CellLayout.h"; sourceTree = "<group>"; };
		EC762DE013F184760081E77E /* AQGridView+CellLocationDelegation.h */ = {isa = PBXFileReference; fileEncoding = 4; lastKnownFileType = sourcecode.c.h; path = "AQGridView+CellLocationDelegation.h"; sourceTree = "<group>"; };
		EC762DE113F184760081E77E /* AQGridView.h */ = {isa = PBXFileReference; fileEncoding = 4; lastKnownFileType = sourcecode.c.h; path = AQGridView.h; sourceTree = "<group>"; };
		EC762DE213F184760081E77E /* AQGridView.m */ = {isa = PBXFileReference; fileEncoding = 4; lastKnownFileType = sourcecode.c.objc; path = AQGridView.m; sourceTree = "<group>"; };
		EC762DE313F184760081E77E /* AQGridViewAnimatorItem.h */ = {isa = PBXFileReference; fileEncoding = 4; lastKnownFileType = sourcecode.c.h; path = AQGridViewAnimatorItem.h; sourceTree = "<group>"; };
		EC762DE413F184760081E77E /* AQGridViewAnimatorItem.m */ = {isa = PBXFileReference; fileEncoding = 4; lastKnownFileType = sourcecode.c.objc; path = AQGridViewAnimatorItem.m; sourceTree = "<group>"; };
		EC762DE513F184760081E77E /* AQGridViewCell+AQGridViewCellPrivate.h */ = {isa = PBXFileReference; fileEncoding = 4; lastKnownFileType = sourcecode.c.h; path = "AQGridViewCell+AQGridViewCellPrivate.h"; sourceTree = "<group>"; };
		EC762DE613F184760081E77E /* AQGridViewCell.h */ = {isa = PBXFileReference; fileEncoding = 4; lastKnownFileType = sourcecode.c.h; path = AQGridViewCell.h; sourceTree = "<group>"; };
		EC762DE713F184760081E77E /* AQGridViewCell.m */ = {isa = PBXFileReference; fileEncoding = 4; lastKnownFileType = sourcecode.c.objc; path = AQGridViewCell.m; sourceTree = "<group>"; };
		EC762DE813F184760081E77E /* AQGridViewController.h */ = {isa = PBXFileReference; fileEncoding = 4; lastKnownFileType = sourcecode.c.h; path = AQGridViewController.h; sourceTree = "<group>"; };
		EC762DE913F184760081E77E /* AQGridViewController.m */ = {isa = PBXFileReference; fileEncoding = 4; lastKnownFileType = sourcecode.c.objc; path = AQGridViewController.m; sourceTree = "<group>"; };
		EC762DEA13F184760081E77E /* AQGridViewData.h */ = {isa = PBXFileReference; fileEncoding = 4; lastKnownFileType = sourcecode.c.h; path = AQGridViewData.h; sourceTree = "<group>"; };
		EC762DEB13F184760081E77E /* AQGridViewData.m */ = {isa = PBXFileReference; fileEncoding = 4; lastKnownFileType = sourcecode.c.objc; path = AQGridViewData.m; sourceTree = "<group>"; };
		EC762DEC13F184760081E77E /* AQGridViewUpdateInfo.h */ = {isa = PBXFileReference; fileEncoding = 4; lastKnownFileType = sourcecode.c.h; path = AQGridViewUpdateInfo.h; sourceTree = "<group>"; };
		EC762DED13F184760081E77E /* AQGridViewUpdateInfo.m */ = {isa = PBXFileReference; fileEncoding = 4; lastKnownFileType = sourcecode.c.objc; path = AQGridViewUpdateInfo.m; sourceTree = "<group>"; };
		EC762DEE13F184760081E77E /* AQGridViewUpdateItem.h */ = {isa = PBXFileReference; fileEncoding = 4; lastKnownFileType = sourcecode.c.h; path = AQGridViewUpdateItem.h; sourceTree = "<group>"; };
		EC762DEF13F184760081E77E /* AQGridViewUpdateItem.m */ = {isa = PBXFileReference; fileEncoding = 4; lastKnownFileType = sourcecode.c.objc; path = AQGridViewUpdateItem.m; sourceTree = "<group>"; };
		EC762DF013F184760081E77E /* NSIndexSet+AQIndexesOutsideSet.h */ = {isa = PBXFileReference; fileEncoding = 4; lastKnownFileType = sourcecode.c.h; path = "NSIndexSet+AQIndexesOutsideSet.h"; sourceTree = "<group>"; };
		EC762DF113F184760081E77E /* NSIndexSet+AQIndexesOutsideSet.m */ = {isa = PBXFileReference; fileEncoding = 4; lastKnownFileType = sourcecode.c.objc; path = "NSIndexSet+AQIndexesOutsideSet.m"; sourceTree = "<group>"; };
		EC762DF213F184760081E77E /* NSIndexSet+AQIsSetContiguous.h */ = {isa = PBXFileReference; fileEncoding = 4; lastKnownFileType = sourcecode.c.h; path = "NSIndexSet+AQIsSetContiguous.h"; sourceTree = "<group>"; };
		EC762DF313F184760081E77E /* NSIndexSet+AQIsSetContiguous.m */ = {isa = PBXFileReference; fileEncoding = 4; lastKnownFileType = sourcecode.c.objc; path = "NSIndexSet+AQIsSetContiguous.m"; sourceTree = "<group>"; };
		EC762DF413F184760081E77E /* UIColor+AQGridView.h */ = {isa = PBXFileReference; fileEncoding = 4; lastKnownFileType = sourcecode.c.h; path = "UIColor+AQGridView.h"; sourceTree = "<group>"; };
		EC762DF513F184760081E77E /* UIColor+AQGridView.m */ = {isa = PBXFileReference; fileEncoding = 4; lastKnownFileType = sourcecode.c.objc; path = "UIColor+AQGridView.m"; sourceTree = "<group>"; };
		EC762DF713F184760081E77E /* SDImageCache.h */ = {isa = PBXFileReference; fileEncoding = 4; lastKnownFileType = sourcecode.c.h; path = SDImageCache.h; sourceTree = "<group>"; };
		EC762DF813F184760081E77E /* SDImageCache.m */ = {isa = PBXFileReference; fileEncoding = 4; lastKnownFileType = sourcecode.c.objc; path = SDImageCache.m; sourceTree = "<group>"; };
		EC762DF913F184760081E77E /* SDImageCacheDelegate.h */ = {isa = PBXFileReference; fileEncoding = 4; lastKnownFileType = sourcecode.c.h; path = SDImageCacheDelegate.h; sourceTree = "<group>"; };
		EC762DFA13F184760081E77E /* SDWebImageCompat.h */ = {isa = PBXFileReference; fileEncoding = 4; lastKnownFileType = sourcecode.c.h; path = SDWebImageCompat.h; sourceTree = "<group>"; };
		EC762DFB13F184760081E77E /* SDWebImageDownloader.h */ = {isa = PBXFileReference; fileEncoding = 4; lastKnownFileType = sourcecode.c.h; path = SDWebImageDownloader.h; sourceTree = "<group>"; };
		EC762DFC13F184760081E77E /* SDWebImageDownloader.m */ = {isa = PBXFileReference; fileEncoding = 4; lastKnownFileType = sourcecode.c.objc; path = SDWebImageDownloader.m; sourceTree = "<group>"; };
		EC762DFD13F184760081E77E /* SDWebImageDownloaderDelegate.h */ = {isa = PBXFileReference; fileEncoding = 4; lastKnownFileType = sourcecode.c.h; path = SDWebImageDownloaderDelegate.h; sourceTree = "<group>"; };
		EC762DFE13F184760081E77E /* SDWebImageManager.h */ = {isa = PBXFileReference; fileEncoding = 4; lastKnownFileType = sourcecode.c.h; path = SDWebImageManager.h; sourceTree = "<group>"; };
		EC762DFF13F184760081E77E /* SDWebImageManager.m */ = {isa = PBXFileReference; fileEncoding = 4; lastKnownFileType = sourcecode.c.objc; path = SDWebImageManager.m; sourceTree = "<group>"; };
		EC762E0013F184760081E77E /* SDWebImageManagerDelegate.h */ = {isa = PBXFileReference; fileEncoding = 4; lastKnownFileType = sourcecode.c.h; path = SDWebImageManagerDelegate.h; sourceTree = "<group>"; };
		EC762E0113F184760081E77E /* UIImageView+WebCache.h */ = {isa = PBXFileReference; fileEncoding = 4; lastKnownFileType = sourcecode.c.h; path = "UIImageView+WebCache.h"; sourceTree = "<group>"; };
		EC762E0213F184760081E77E /* UIImageView+WebCache.m */ = {isa = PBXFileReference; fileEncoding = 4; lastKnownFileType = sourcecode.c.objc; path = "UIImageView+WebCache.m"; sourceTree = "<group>"; };
		EC762E1513F185460081E77E /* AssetsGridViewController.h */ = {isa = PBXFileReference; fileEncoding = 4; lastKnownFileType = sourcecode.c.h; path = AssetsGridViewController.h; sourceTree = "<group>"; };
		EC762E1613F185460081E77E /* AssetsGridViewController.m */ = {isa = PBXFileReference; fileEncoding = 4; lastKnownFileType = sourcecode.c.objc; path = AssetsGridViewController.m; sourceTree = "<group>"; };
		EC762E1A13F1855C0081E77E /* AssetsGridViewController.xib */ = {isa = PBXFileReference; fileEncoding = 4; lastKnownFileType = file.xib; path = AssetsGridViewController.xib; sourceTree = "<group>"; };
		EC762E1C13F186700081E77E /* QuartzCore.framework */ = {isa = PBXFileReference; lastKnownFileType = wrapper.framework; name = QuartzCore.framework; path = System/Library/Frameworks/QuartzCore.framework; sourceTree = SDKROOT; };
		ECBDAAAC13F7F777003153F1 /* ImageScroller.h */ = {isa = PBXFileReference; fileEncoding = 4; lastKnownFileType = sourcecode.c.h; path = ImageScroller.h; sourceTree = "<group>"; };
		ECBDAAAD13F7F777003153F1 /* ImageScroller.m */ = {isa = PBXFileReference; fileEncoding = 4; lastKnownFileType = sourcecode.c.objc; path = ImageScroller.m; sourceTree = "<group>"; };
		ECBDAAAF13F7F7C9003153F1 /* PhotoViewer.h */ = {isa = PBXFileReference; fileEncoding = 4; lastKnownFileType = sourcecode.c.h; path = PhotoViewer.h; sourceTree = "<group>"; };
		ECBDAAB013F7F7C9003153F1 /* PhotoViewer.m */ = {isa = PBXFileReference; fileEncoding = 4; lastKnownFileType = sourcecode.c.objc; path = PhotoViewer.m; sourceTree = "<group>"; };
		ECBDAAB413F7F7DC003153F1 /* PhotoViewer.xib */ = {isa = PBXFileReference; fileEncoding = 4; lastKnownFileType = file.xib; path = PhotoViewer.xib; sourceTree = "<group>"; };
		ECBDAABE13F7FB7D003153F1 /* placeholder.png */ = {isa = PBXFileReference; lastKnownFileType = image.png; path = placeholder.png; sourceTree = "<group>"; };
		ECE1C60813F6671500173383 /* PhotosGridViewController.h */ = {isa = PBXFileReference; fileEncoding = 4; lastKnownFileType = sourcecode.c.h; path = PhotosGridViewController.h; sourceTree = "<group>"; };
		ECE1C60913F6671500173383 /* PhotosGridViewController.m */ = {isa = PBXFileReference; fileEncoding = 4; lastKnownFileType = sourcecode.c.objc; path = PhotosGridViewController.m; sourceTree = "<group>"; };
		ECE1C60D13F6672D00173383 /* PhotosGridViewController.xib */ = {isa = PBXFileReference; fileEncoding = 4; lastKnownFileType = file.xib; path = PhotosGridViewController.xib; sourceTree = "<group>"; };
		ECE1C60F13F667FB00173383 /* ImageGridViewCell.h */ = {isa = PBXFileReference; fileEncoding = 4; lastKnownFileType = sourcecode.c.h; path = ImageGridViewCell.h; sourceTree = "<group>"; };
		ECE1C61013F667FB00173383 /* ImageGridViewCell.m */ = {isa = PBXFileReference; fileEncoding = 4; lastKnownFileType = sourcecode.c.objc; path = ImageGridViewCell.m; sourceTree = "<group>"; };
		ECE1C61313F66CE100173383 /* checkmark.png */ = {isa = PBXFileReference; lastKnownFileType = image.png; path = checkmark.png; sourceTree = "<group>"; };
		ECE1C61413F66CE100173383 /* checkmark@2x.png */ = {isa = PBXFileReference; lastKnownFileType = image.png; path = "checkmark@2x.png"; sourceTree = "<group>"; };
		ECE1C61713F6EC7100173383 /* SelectChuteViewController.h */ = {isa = PBXFileReference; fileEncoding = 4; lastKnownFileType = sourcecode.c.h; path = SelectChuteViewController.h; sourceTree = "<group>"; };
		ECE1C61813F6EC7100173383 /* SelectChuteViewController.m */ = {isa = PBXFileReference; fileEncoding = 4; lastKnownFileType = sourcecode.c.objc; path = SelectChuteViewController.m; sourceTree = "<group>"; };
		ECE1C61C13F6EC8900173383 /* SelectChuteViewController.xib */ = {isa = PBXFileReference; fileEncoding = 4; lastKnownFileType = file.xib; path = SelectChuteViewController.xib; sourceTree = "<group>"; };
/* End PBXFileReference section */

/* Begin PBXFrameworksBuildPhase section */
		EC5B646913F0019100EBA5A1 /* Frameworks */ = {
			isa = PBXFrameworksBuildPhase;
			buildActionMask = 2147483647;
			files = (
				EC762E1E13F1867A0081E77E /* QuartzCore.framework in Frameworks */,
				EC5B64A713F0023A00EBA5A1 /* AssetsLibrary.framework in Frameworks */,
				EC5B64A813F0023A00EBA5A1 /* CFNetwork.framework in Frameworks */,
				EC5B64A913F0023A00EBA5A1 /* CoreFoundation.framework in Frameworks */,
				EC5B64AA13F0023A00EBA5A1 /* Foundation.framework in Frameworks */,
				EC5B64AB13F0023A00EBA5A1 /* libz.1.2.3.dylib in Frameworks */,
				EC5B64AC13F0023A00EBA5A1 /* MobileCoreServices.framework in Frameworks */,
				EC5B652C13F002AD00EBA5A1 /* CoreGraphics.framework in Frameworks */,
				EC5B64AD13F0023A00EBA5A1 /* Security.framework in Frameworks */,
				EC5B64AE13F0023A00EBA5A1 /* SystemConfiguration.framework in Frameworks */,
				EC5B64AF13F0023A00EBA5A1 /* UIKit.framework in Frameworks */,
			);
			runOnlyForDeploymentPostprocessing = 0;
		};
/* End PBXFrameworksBuildPhase section */

/* Begin PBXGroup section */
		EC46790A13F0130C00533435 /* Chutes */ = {
			isa = PBXGroup;
			children = (
				ECBDAAAC13F7F777003153F1 /* ImageScroller.h */,
				ECBDAAAD13F7F777003153F1 /* ImageScroller.m */,
				ECBDAAAF13F7F7C9003153F1 /* PhotoViewer.h */,
				ECBDAAB013F7F7C9003153F1 /* PhotoViewer.m */,
				EC46790313F012A900533435 /* CreateChuteViewController.h */,
				EC46790413F012A900533435 /* CreateChuteViewController.m */,
				EC5B653C13F006FC00EBA5A1 /* ChuteBaseViewController.h */,
				EC5B653D13F006FC00EBA5A1 /* ChuteBaseViewController.m */,
				EC46790B13F0132C00533435 /* ListChutesViewController.h */,
				EC46790C13F0132C00533435 /* ListChutesViewController.m */,
				EC762E1513F185460081E77E /* AssetsGridViewController.h */,
				EC762E1613F185460081E77E /* AssetsGridViewController.m */,
			);
			name = Chutes;
			sourceTree = "<group>";
		};
		EC4AA08B141CC18400F63435 /* GetChute */ = {
			isa = PBXGroup;
			children = (
				EC4AA08C141CC18400F63435 /* Categories */,
				EC4AA08F141CC18400F63435 /* Classes */,
				EC4AA0BB141CC18400F63435 /* Include */,
				EC4AA0BD141CC18400F63435 /* Resources */,
				EC4AA0C5141CC18400F63435 /* Vendor */,
			);
			name = GetChute;
			path = ../GetChute;
			sourceTree = "<group>";
		};
		EC4AA08C141CC18400F63435 /* Categories */ = {
			isa = PBXGroup;
			children = (
				EC4AA08D141CC18400F63435 /* GC_UIImage+Extras.h */,
				EC4AA08E141CC18400F63435 /* GC_UIImage+Extras.m */,
			);
			path = Categories;
			sourceTree = "<group>";
		};
		EC4AA08F141CC18400F63435 /* Classes */ = {
			isa = PBXGroup;
			children = (
				EC4AA090141CC18400F63435 /* Core */,
				EC4AA09F141CC18400F63435 /* Model */,
				EC4AA0AC141CC18400F63435 /* UI */,
			);
			path = Classes;
			sourceTree = "<group>";
		};
		EC4AA090141CC18400F63435 /* Core */ = {
			isa = PBXGroup;
			children = (
				EC4AA091141CC18400F63435 /* GCAssetUploader.h */,
				EC4AA092141CC18400F63435 /* GCAssetUploader.m */,
				EC4AA093141CC18400F63435 /* GCConstants.h */,
				EC4AA094141CC18400F63435 /* GCError.h */,
				EC4AA095141CC18400F63435 /* GCError.m */,
				EC4AA096141CC18400F63435 /* GCMacros.h */,
				EC4AA097141CC18400F63435 /* GCRequest.h */,
				EC4AA098141CC18400F63435 /* GCRequest.m */,
				EC4AA099141CC18400F63435 /* GCResource.h */,
				EC4AA09A141CC18400F63435 /* GCResource.m */,
				EC4AA09B141CC18400F63435 /* GCResponse.h */,
				EC4AA09C141CC18400F63435 /* GCResponse.m */,
				EC4AA09D141CC18400F63435 /* GCUploader.h */,
				EC4AA09E141CC18400F63435 /* GCUploader.m */,
			);
			path = Core;
			sourceTree = "<group>";
		};
		EC4AA09F141CC18400F63435 /* Model */ = {
			isa = PBXGroup;
			children = (
				EC4AA0A0141CC18400F63435 /* GCAccount.h */,
				EC4AA0A1141CC18400F63435 /* GCAccount.m */,
				EC4AA0A2141CC18400F63435 /* GCAsset.h */,
				EC4AA0A3141CC18400F63435 /* GCAsset.m */,
				EC4AA0A4141CC18400F63435 /* GCChute.h */,
				EC4AA0A5141CC18400F63435 /* GCChute.m */,
				EC4AA0A6141CC18400F63435 /* GCComment.h */,
				EC4AA0A7141CC18400F63435 /* GCComment.m */,
				EC4AA0A8141CC18400F63435 /* GCParcel.h */,
				EC4AA0A9141CC18400F63435 /* GCParcel.m */,
				EC4AA0AA141CC18400F63435 /* GCUser.h */,
				EC4AA0AB141CC18400F63435 /* GCUser.m */,
			);
			path = Model;
			sourceTree = "<group>";
		};
		EC4AA0AC141CC18400F63435 /* UI */ = {
			isa = PBXGroup;
			children = (
				EC4AA0AD141CC18400F63435 /* GCAssetSliderComponent.h */,
				EC4AA0AE141CC18400F63435 /* GCAssetSliderComponent.m */,
				EC4AA0AF141CC18400F63435 /* GCCommentComponent.h */,
				EC4AA0B0141CC18400F63435 /* GCCommentComponent.m */,
				EC4AA0B1141CC18400F63435 /* GCImageSelectionComponent.h */,
				EC4AA0B2141CC18400F63435 /* GCImageSelectionComponent.m */,
				EC4AA0B3141CC18400F63435 /* GCLoginViewController.h */,
				EC4AA0B4141CC18400F63435 /* GCLoginViewController.m */,
				EC4AA0B5141CC18400F63435 /* GCThumbnailComponent.h */,
				EC4AA0B6141CC18400F63435 /* GCThumbnailComponent.m */,
				EC4AA0B7141CC18400F63435 /* GCUIBaseViewController.h */,
				EC4AA0B8141CC18400F63435 /* GCUIBaseViewController.m */,
				EC4AA0B9141CC18400F63435 /* GCUploadComponent.h */,
				EC4AA0BA141CC18400F63435 /* GCUploadComponent.m */,
			);
			path = UI;
			sourceTree = "<group>";
		};
		EC4AA0BB141CC18400F63435 /* Include */ = {
			isa = PBXGroup;
			children = (
				EC4AA0BC141CC18400F63435 /* GetChute.h */,
			);
			path = Include;
			sourceTree = "<group>";
		};
		EC4AA0BD141CC18400F63435 /* Resources */ = {
			isa = PBXGroup;
			children = (
				EC4AA0BE141CC18400F63435 /* XIB */,
			);
			path = Resources;
			sourceTree = "<group>";
		};
		EC4AA0BE141CC18400F63435 /* XIB */ = {
			isa = PBXGroup;
			children = (
				EC4AA0BF141CC18400F63435 /* GCAssetSliderComponent.xib */,
				EC4AA0C0141CC18400F63435 /* GCCommentComponent.xib */,
				EC4AA0C1141CC18400F63435 /* GCImageSelectionComponent.xib */,
				EC4AA0C2141CC18400F63435 /* GCLoginViewController.xib */,
				EC4AA0C3141CC18400F63435 /* GCThumbnailComponent.xib */,
				EC4AA0C4141CC18400F63435 /* GCUploadComponent.xib */,
			);
			path = XIB;
			sourceTree = "<group>";
		};
		EC4AA0C5141CC18400F63435 /* Vendor */ = {
			isa = PBXGroup;
			children = (
				EC4AA0C6141CC18400F63435 /* ASIHttpRequest */,
				EC4AA0DE141CC18400F63435 /* Extras */,
				EC4AA0E5141CC18400F63435 /* Keychain */,
				EC4AA0E8141CC18400F63435 /* KVOBlockBinding */,
				EC4AA0EB141CC18400F63435 /* MBProgressHUD */,
				EC4AA0EE141CC18400F63435 /* SBJson */,
			);
			path = Vendor;
			sourceTree = "<group>";
		};
		EC4AA0C6141CC18400F63435 /* ASIHttpRequest */ = {
			isa = PBXGroup;
			children = (
				EC4AA0C7141CC18400F63435 /* ASIAuthenticationDialog.h */,
				EC4AA0C8141CC18400F63435 /* ASIAuthenticationDialog.m */,
				EC4AA0C9141CC18400F63435 /* ASICacheDelegate.h */,
				EC4AA0CA141CC18400F63435 /* ASIDataCompressor.h */,
				EC4AA0CB141CC18400F63435 /* ASIDataCompressor.m */,
				EC4AA0CC141CC18400F63435 /* ASIDataDecompressor.h */,
				EC4AA0CD141CC18400F63435 /* ASIDataDecompressor.m */,
				EC4AA0CE141CC18400F63435 /* ASIDownloadCache.h */,
				EC4AA0CF141CC18400F63435 /* ASIDownloadCache.m */,
				EC4AA0D0141CC18400F63435 /* ASIFormDataRequest.h */,
				EC4AA0D1141CC18400F63435 /* ASIFormDataRequest.m */,
				EC4AA0D2141CC18400F63435 /* ASIHTTPRequest.h */,
				EC4AA0D3141CC18400F63435 /* ASIHTTPRequest.m */,
				EC4AA0D4141CC18400F63435 /* ASIHTTPRequestConfig.h */,
				EC4AA0D5141CC18400F63435 /* ASIHTTPRequestDelegate.h */,
				EC4AA0D6141CC18400F63435 /* ASIInputStream.h */,
				EC4AA0D7141CC18400F63435 /* ASIInputStream.m */,
				EC4AA0D8141CC18400F63435 /* ASINetworkQueue.h */,
				EC4AA0D9141CC18400F63435 /* ASINetworkQueue.m */,
				EC4AA0DA141CC18400F63435 /* ASIProgressDelegate.h */,
				EC4AA0DB141CC18400F63435 /* Reachability */,
			);
			path = ASIHttpRequest;
			sourceTree = "<group>";
		};
		EC4AA0DB141CC18400F63435 /* Reachability */ = {
			isa = PBXGroup;
			children = (
				EC4AA0DC141CC18400F63435 /* Reachability.h */,
				EC4AA0DD141CC18400F63435 /* Reachability.m */,
			);
			path = Reachability;
			sourceTree = "<group>";
		};
		EC4AA0DE141CC18400F63435 /* Extras */ = {
			isa = PBXGroup;
			children = (
				EC4AA0DF141CC18400F63435 /* NSData+Base64.h */,
				EC4AA0E0141CC18400F63435 /* NSData+Base64.m */,
				EC4AA0E1141CC18400F63435 /* NSDictionary+QueryString.h */,
				EC4AA0E2141CC18400F63435 /* NSDictionary+QueryString.m */,
				EC4AA0E3141CC18400F63435 /* NSString+QueryString.h */,
				EC4AA0E4141CC18400F63435 /* NSString+QueryString.m */,
			);
			path = Extras;
			sourceTree = "<group>";
		};
		EC4AA0E5141CC18400F63435 /* Keychain */ = {
			isa = PBXGroup;
			children = (
				EC4AA0E6141CC18400F63435 /* KeychainItemWrapper.h */,
				EC4AA0E7141CC18400F63435 /* KeychainItemWrapper.m */,
			);
			path = Keychain;
			sourceTree = "<group>";
		};
		EC4AA0E8141CC18400F63435 /* KVOBlockBinding */ = {
			isa = PBXGroup;
			children = (
				EC4AA0E9141CC18400F63435 /* NSObject+KVOBlockBinding.h */,
				EC4AA0EA141CC18400F63435 /* NSObject+KVOBlockBinding.m */,
			);
			path = KVOBlockBinding;
			sourceTree = "<group>";
		};
		EC4AA0EB141CC18400F63435 /* MBProgressHUD */ = {
			isa = PBXGroup;
			children = (
				EC4AA0EC141CC18400F63435 /* MBProgressHUD.h */,
				EC4AA0ED141CC18400F63435 /* MBProgressHUD.m */,
			);
			path = MBProgressHUD;
			sourceTree = "<group>";
		};
		EC4AA0EE141CC18400F63435 /* SBJson */ = {
			isa = PBXGroup;
			children = (
				EC4AA0EF141CC18400F63435 /* JSON.h */,
				EC4AA0F0141CC18400F63435 /* NSObject+SBJson.h */,
				EC4AA0F1141CC18400F63435 /* NSObject+SBJson.m */,
				EC4AA0F2141CC18400F63435 /* SBJson.h */,
				EC4AA0F3141CC18400F63435 /* SBJsonParser.h */,
				EC4AA0F4141CC18400F63435 /* SBJsonParser.m */,
				EC4AA0F5141CC18400F63435 /* SBJsonStreamParser.h */,
				EC4AA0F6141CC18400F63435 /* SBJsonStreamParser.m */,
				EC4AA0F7141CC18400F63435 /* SBJsonStreamParserAccumulator.h */,
				EC4AA0F8141CC18400F63435 /* SBJsonStreamParserAccumulator.m */,
				EC4AA0F9141CC18400F63435 /* SBJsonStreamParserAdapter.h */,
				EC4AA0FA141CC18400F63435 /* SBJsonStreamParserAdapter.m */,
				EC4AA0FB141CC18400F63435 /* SBJsonStreamParserState.h */,
				EC4AA0FC141CC18400F63435 /* SBJsonStreamParserState.m */,
				EC4AA0FD141CC18400F63435 /* SBJsonStreamWriter.h */,
				EC4AA0FE141CC18400F63435 /* SBJsonStreamWriter.m */,
				EC4AA0FF141CC18400F63435 /* SBJsonStreamWriterAccumulator.h */,
				EC4AA100141CC18400F63435 /* SBJsonStreamWriterAccumulator.m */,
				EC4AA101141CC18400F63435 /* SBJsonStreamWriterState.h */,
				EC4AA102141CC18400F63435 /* SBJsonStreamWriterState.m */,
				EC4AA103141CC18400F63435 /* SBJsonTokeniser.h */,
				EC4AA104141CC18400F63435 /* SBJsonTokeniser.m */,
				EC4AA105141CC18400F63435 /* SBJsonUTF8Stream.h */,
				EC4AA106141CC18400F63435 /* SBJsonUTF8Stream.m */,
				EC4AA107141CC18400F63435 /* SBJsonWriter.h */,
				EC4AA108141CC18400F63435 /* SBJsonWriter.m */,
			);
			path = SBJson;
			sourceTree = "<group>";
		};
		EC5B646113F0019100EBA5A1 = {
			isa = PBXGroup;
			children = (
				EC4AA08B141CC18400F63435 /* GetChute */,
				EC5B647613F0019100EBA5A1 /* KitchenSink */,
				EC5B646F13F0019100EBA5A1 /* Frameworks */,
				EC5B646D13F0019100EBA5A1 /* Products */,
			);
			sourceTree = "<group>";
		};
		EC5B646D13F0019100EBA5A1 /* Products */ = {
			isa = PBXGroup;
			children = (
				EC5B646C13F0019100EBA5A1 /* KitchenSink.app */,
			);
			name = Products;
			sourceTree = "<group>";
		};
		EC5B646F13F0019100EBA5A1 /* Frameworks */ = {
			isa = PBXGroup;
			children = (
				EC762E1C13F186700081E77E /* QuartzCore.framework */,
				EC5B652A13F002A600EBA5A1 /* CoreGraphics.framework */,
				EC5B649513F0022700EBA5A1 /* AssetsLibrary.framework */,
				EC5B649613F0022700EBA5A1 /* CFNetwork.framework */,
				EC5B649713F0022700EBA5A1 /* CoreFoundation.framework */,
				EC5B649813F0022800EBA5A1 /* Foundation.framework */,
				EC5B649913F0022800EBA5A1 /* libz.1.2.3.dylib */,
				EC5B649A13F0022800EBA5A1 /* MobileCoreServices.framework */,
				EC5B649B13F0022800EBA5A1 /* Security.framework */,
				EC5B649C13F0022800EBA5A1 /* SystemConfiguration.framework */,
				EC5B649D13F0022800EBA5A1 /* UIKit.framework */,
			);
			name = Frameworks;
			sourceTree = "<group>";
		};
		EC5B647613F0019100EBA5A1 /* KitchenSink */ = {
			isa = PBXGroup;
			children = (
				ECE1C61213F66CE100173383 /* Resources */,
				EC762DDD13F184760081E77E /* Vendor */,
				EC5B653213F0045A00EBA5A1 /* XIB */,
				EC5B653B13F006E100EBA5A1 /* Controllers */,
				EC5B647F13F0019100EBA5A1 /* KitchenSinkAppDelegate.h */,
				EC5B648013F0019100EBA5A1 /* KitchenSinkAppDelegate.m */,
				EC5B647713F0019100EBA5A1 /* Supporting Files */,
				EC5B652D13F0043300EBA5A1 /* RootViewController.h */,
				EC5B652E13F0043300EBA5A1 /* RootViewController.m */,
				EC762DDA13F182390081E77E /* UIBaseViewController.h */,
				EC762DDB13F182390081E77E /* UIBaseViewController.m */,
			);
			path = KitchenSink;
			sourceTree = "<group>";
		};
		EC5B647713F0019100EBA5A1 /* Supporting Files */ = {
			isa = PBXGroup;
			children = (
				EC5B647813F0019100EBA5A1 /* KitchenSink-Info.plist */,
				EC5B647C13F0019100EBA5A1 /* main.m */,
				EC5B647E13F0019100EBA5A1 /* KitchenSink-Prefix.pch */,
			);
			name = "Supporting Files";
			sourceTree = "<group>";
		};
		EC5B653213F0045A00EBA5A1 /* XIB */ = {
			isa = PBXGroup;
			children = (
				EC762E1A13F1855C0081E77E /* AssetsGridViewController.xib */,
				EC46790813F012DC00533435 /* CreateChuteViewController.xib */,
				EC5B654B13F0073A00EBA5A1 /* BundlesBaseViewController.xib */,
				ECE1C60D13F6672D00173383 /* PhotosGridViewController.xib */,
				EC5B654C13F0073A00EBA5A1 /* PhotosBaseViewController.xib */,
				EC5B654D13F0073A00EBA5A1 /* ChuteBaseViewController.xib */,
				EC5B653313F0045A00EBA5A1 /* InfoPlist.strings */,
				EC5B653513F0045A00EBA5A1 /* MainWindow.xib */,
				EC5B653713F0045A00EBA5A1 /* RootViewController.xib */,
				EC46791013F0134000533435 /* ListChutesViewController.xib */,
				ECE1C61C13F6EC8900173383 /* SelectChuteViewController.xib */,
				ECBDAAB413F7F7DC003153F1 /* PhotoViewer.xib */,
			);
			path = XIB;
			sourceTree = "<group>";
		};
		EC5B653B13F006E100EBA5A1 /* Controllers */ = {
			isa = PBXGroup;
			children = (
				ECE1C60713F6668900173383 /* Bundles */,
				ECE1C60513F6667900173383 /* Photos */,
				EC46790A13F0130C00533435 /* Chutes */,
			);
			name = Controllers;
			sourceTree = "<group>";
		};
		EC762DDD13F184760081E77E /* Vendor */ = {
			isa = PBXGroup;
			children = (
				EC762DDE13F184760081E77E /* AQGridView */,
				EC762DF613F184760081E77E /* SDWebImage */,
			);
			path = Vendor;
			sourceTree = "<group>";
		};
		EC762DDE13F184760081E77E /* AQGridView */ = {
			isa = PBXGroup;
			children = (
				EC762DDF13F184760081E77E /* AQGridView+CellLayout.h */,
				EC762DE013F184760081E77E /* AQGridView+CellLocationDelegation.h */,
				EC762DE113F184760081E77E /* AQGridView.h */,
				EC762DE213F184760081E77E /* AQGridView.m */,
				EC762DE313F184760081E77E /* AQGridViewAnimatorItem.h */,
				EC762DE413F184760081E77E /* AQGridViewAnimatorItem.m */,
				EC762DE513F184760081E77E /* AQGridViewCell+AQGridViewCellPrivate.h */,
				EC762DE613F184760081E77E /* AQGridViewCell.h */,
				EC762DE713F184760081E77E /* AQGridViewCell.m */,
				EC762DE813F184760081E77E /* AQGridViewController.h */,
				EC762DE913F184760081E77E /* AQGridViewController.m */,
				EC762DEA13F184760081E77E /* AQGridViewData.h */,
				EC762DEB13F184760081E77E /* AQGridViewData.m */,
				EC762DEC13F184760081E77E /* AQGridViewUpdateInfo.h */,
				EC762DED13F184760081E77E /* AQGridViewUpdateInfo.m */,
				EC762DEE13F184760081E77E /* AQGridViewUpdateItem.h */,
				EC762DEF13F184760081E77E /* AQGridViewUpdateItem.m */,
				EC762DF013F184760081E77E /* NSIndexSet+AQIndexesOutsideSet.h */,
				EC762DF113F184760081E77E /* NSIndexSet+AQIndexesOutsideSet.m */,
				EC762DF213F184760081E77E /* NSIndexSet+AQIsSetContiguous.h */,
				EC762DF313F184760081E77E /* NSIndexSet+AQIsSetContiguous.m */,
				EC762DF413F184760081E77E /* UIColor+AQGridView.h */,
				EC762DF513F184760081E77E /* UIColor+AQGridView.m */,
			);
			path = AQGridView;
			sourceTree = "<group>";
		};
		EC762DF613F184760081E77E /* SDWebImage */ = {
			isa = PBXGroup;
			children = (
				EC762DF713F184760081E77E /* SDImageCache.h */,
				EC762DF813F184760081E77E /* SDImageCache.m */,
				EC762DF913F184760081E77E /* SDImageCacheDelegate.h */,
				EC762DFA13F184760081E77E /* SDWebImageCompat.h */,
				EC762DFB13F184760081E77E /* SDWebImageDownloader.h */,
				EC762DFC13F184760081E77E /* SDWebImageDownloader.m */,
				EC762DFD13F184760081E77E /* SDWebImageDownloaderDelegate.h */,
				EC762DFE13F184760081E77E /* SDWebImageManager.h */,
				EC762DFF13F184760081E77E /* SDWebImageManager.m */,
				EC762E0013F184760081E77E /* SDWebImageManagerDelegate.h */,
				EC762E0113F184760081E77E /* UIImageView+WebCache.h */,
				EC762E0213F184760081E77E /* UIImageView+WebCache.m */,
			);
			path = SDWebImage;
			sourceTree = "<group>";
		};
		ECE1C60513F6667900173383 /* Photos */ = {
			isa = PBXGroup;
			children = (
				EC5B654113F0070C00EBA5A1 /* PhotosBaseViewController.h */,
				EC5B654213F0070C00EBA5A1 /* PhotosBaseViewController.m */,
				ECE1C60813F6671500173383 /* PhotosGridViewController.h */,
				ECE1C60913F6671500173383 /* PhotosGridViewController.m */,
				ECE1C60F13F667FB00173383 /* ImageGridViewCell.h */,
				ECE1C61013F667FB00173383 /* ImageGridViewCell.m */,
				ECE1C61713F6EC7100173383 /* SelectChuteViewController.h */,
				ECE1C61813F6EC7100173383 /* SelectChuteViewController.m */,
			);
			name = Photos;
			sourceTree = "<group>";
		};
		ECE1C60713F6668900173383 /* Bundles */ = {
			isa = PBXGroup;
			children = (
				EC5B654613F0071E00EBA5A1 /* BundlesBaseViewController.h */,
				EC5B654713F0071E00EBA5A1 /* BundlesBaseViewController.m */,
			);
			name = Bundles;
			sourceTree = "<group>";
		};
		ECE1C61213F66CE100173383 /* Resources */ = {
			isa = PBXGroup;
			children = (
				ECBDAABE13F7FB7D003153F1 /* placeholder.png */,
				ECE1C61313F66CE100173383 /* checkmark.png */,
				ECE1C61413F66CE100173383 /* checkmark@2x.png */,
			);
			path = Resources;
			sourceTree = "<group>";
		};
/* End PBXGroup section */

/* Begin PBXNativeTarget section */
		EC5B646B13F0019100EBA5A1 /* KitchenSink */ = {
			isa = PBXNativeTarget;
			buildConfigurationList = EC5B648D13F0019100EBA5A1 /* Build configuration list for PBXNativeTarget "KitchenSink" */;
			buildPhases = (
				EC5B646813F0019100EBA5A1 /* Sources */,
				EC5B646913F0019100EBA5A1 /* Frameworks */,
				EC5B646A13F0019100EBA5A1 /* Resources */,
			);
			buildRules = (
			);
			dependencies = (
			);
			name = KitchenSink;
			productName = KitchenSink;
			productReference = EC5B646C13F0019100EBA5A1 /* KitchenSink.app */;
			productType = "com.apple.product-type.application";
		};
/* End PBXNativeTarget section */

/* Begin PBXProject section */
		EC5B646313F0019100EBA5A1 /* Project object */ = {
			isa = PBXProject;
			attributes = {
				ORGANIZATIONNAME = NA;
			};
			buildConfigurationList = EC5B646613F0019100EBA5A1 /* Build configuration list for PBXProject "KitchenSink" */;
			compatibilityVersion = "Xcode 3.2";
			developmentRegion = English;
			hasScannedForEncodings = 0;
			knownRegions = (
				en,
			);
			mainGroup = EC5B646113F0019100EBA5A1;
			productRefGroup = EC5B646D13F0019100EBA5A1 /* Products */;
			projectDirPath = "";
			projectRoot = "";
			targets = (
				EC5B646B13F0019100EBA5A1 /* KitchenSink */,
			);
		};
/* End PBXProject section */

/* Begin PBXResourcesBuildPhase section */
		EC5B646A13F0019100EBA5A1 /* Resources */ = {
			isa = PBXResourcesBuildPhase;
			buildActionMask = 2147483647;
			files = (
				EC5B653813F0045A00EBA5A1 /* InfoPlist.strings in Resources */,
				EC5B653913F0045A00EBA5A1 /* MainWindow.xib in Resources */,
				EC5B653A13F0045A00EBA5A1 /* RootViewController.xib in Resources */,
				EC5B654E13F0073A00EBA5A1 /* BundlesBaseViewController.xib in Resources */,
				EC5B654F13F0073A00EBA5A1 /* PhotosBaseViewController.xib in Resources */,
				EC5B655013F0073A00EBA5A1 /* ChuteBaseViewController.xib in Resources */,
				EC46790913F012DC00533435 /* CreateChuteViewController.xib in Resources */,
				EC46791113F0134000533435 /* ListChutesViewController.xib in Resources */,
				EC762E1B13F1855C0081E77E /* AssetsGridViewController.xib in Resources */,
				ECE1C60E13F6672D00173383 /* PhotosGridViewController.xib in Resources */,
				ECE1C61513F66CE100173383 /* checkmark.png in Resources */,
				ECE1C61613F66CE100173383 /* checkmark@2x.png in Resources */,
				ECE1C61D13F6EC8900173383 /* SelectChuteViewController.xib in Resources */,
				ECBDAAB513F7F7DC003153F1 /* PhotoViewer.xib in Resources */,
				ECBDAABF13F7FB7D003153F1 /* placeholder.png in Resources */,
				EC4AA11D141CC18400F63435 /* GCAssetSliderComponent.xib in Resources */,
				EC4AA11E141CC18400F63435 /* GCCommentComponent.xib in Resources */,
				EC4AA11F141CC18400F63435 /* GCImageSelectionComponent.xib in Resources */,
				EC4AA120141CC18400F63435 /* GCLoginViewController.xib in Resources */,
				EC4AA121141CC18400F63435 /* GCThumbnailComponent.xib in Resources */,
				EC4AA122141CC18400F63435 /* GCUploadComponent.xib in Resources */,
			);
			runOnlyForDeploymentPostprocessing = 0;
		};
/* End PBXResourcesBuildPhase section */

/* Begin PBXSourcesBuildPhase section */
		EC5B646813F0019100EBA5A1 /* Sources */ = {
			isa = PBXSourcesBuildPhase;
			buildActionMask = 2147483647;
			files = (
				EC5B647D13F0019100EBA5A1 /* main.m in Sources */,
				EC5B648113F0019100EBA5A1 /* KitchenSinkAppDelegate.m in Sources */,
				EC5B653013F0043300EBA5A1 /* RootViewController.m in Sources */,
				EC5B653F13F006FC00EBA5A1 /* ChuteBaseViewController.m in Sources */,
				EC5B654413F0070C00EBA5A1 /* PhotosBaseViewController.m in Sources */,
				EC5B654913F0071E00EBA5A1 /* BundlesBaseViewController.m in Sources */,
				EC46790613F012A900533435 /* CreateChuteViewController.m in Sources */,
				EC46790E13F0132C00533435 /* ListChutesViewController.m in Sources */,
				EC762DDC13F182390081E77E /* UIBaseViewController.m in Sources */,
				EC762E0313F184760081E77E /* AQGridView.m in Sources */,
				EC762E0413F184760081E77E /* AQGridViewAnimatorItem.m in Sources */,
				EC762E0513F184760081E77E /* AQGridViewCell.m in Sources */,
				EC762E0613F184760081E77E /* AQGridViewController.m in Sources */,
				EC762E0713F184760081E77E /* AQGridViewData.m in Sources */,
				EC762E0813F184760081E77E /* AQGridViewUpdateInfo.m in Sources */,
				EC762E0913F184760081E77E /* AQGridViewUpdateItem.m in Sources */,
				EC762E0A13F184760081E77E /* NSIndexSet+AQIndexesOutsideSet.m in Sources */,
				EC762E0B13F184760081E77E /* NSIndexSet+AQIsSetContiguous.m in Sources */,
				EC762E0C13F184760081E77E /* UIColor+AQGridView.m in Sources */,
				EC762E0D13F184760081E77E /* SDImageCache.m in Sources */,
				EC762E0E13F184760081E77E /* SDWebImageDownloader.m in Sources */,
				EC762E0F13F184760081E77E /* SDWebImageManager.m in Sources */,
				EC762E1013F184760081E77E /* UIImageView+WebCache.m in Sources */,
				EC762E1813F185460081E77E /* AssetsGridViewController.m in Sources */,
				ECE1C60B13F6671500173383 /* PhotosGridViewController.m in Sources */,
				ECE1C61113F667FB00173383 /* ImageGridViewCell.m in Sources */,
				ECE1C61A13F6EC7200173383 /* SelectChuteViewController.m in Sources */,
				ECBDAAAE13F7F777003153F1 /* ImageScroller.m in Sources */,
				ECBDAAB213F7F7C9003153F1 /* PhotoViewer.m in Sources */,
				EC4AA109141CC18400F63435 /* GC_UIImage+Extras.m in Sources */,
				EC4AA10A141CC18400F63435 /* GCAssetUploader.m in Sources */,
				EC4AA10B141CC18400F63435 /* GCError.m in Sources */,
				EC4AA10C141CC18400F63435 /* GCRequest.m in Sources */,
				EC4AA10D141CC18400F63435 /* GCResource.m in Sources */,
				EC4AA10E141CC18400F63435 /* GCResponse.m in Sources */,
				EC4AA10F141CC18400F63435 /* GCUploader.m in Sources */,
				EC4AA110141CC18400F63435 /* GCAccount.m in Sources */,
				EC4AA111141CC18400F63435 /* GCAsset.m in Sources */,
				EC4AA112141CC18400F63435 /* GCChute.m in Sources */,
				EC4AA113141CC18400F63435 /* GCComment.m in Sources */,
				EC4AA114141CC18400F63435 /* GCParcel.m in Sources */,
				EC4AA115141CC18400F63435 /* GCUser.m in Sources */,
				EC4AA116141CC18400F63435 /* GCAssetSliderComponent.m in Sources */,
				EC4AA117141CC18400F63435 /* GCCommentComponent.m in Sources */,
				EC4AA118141CC18400F63435 /* GCImageSelectionComponent.m in Sources */,
				EC4AA119141CC18400F63435 /* GCLoginViewController.m in Sources */,
				EC4AA11A141CC18400F63435 /* GCThumbnailComponent.m in Sources */,
				EC4AA11B141CC18400F63435 /* GCUIBaseViewController.m in Sources */,
				EC4AA11C141CC18400F63435 /* GCUploadComponent.m in Sources */,
				EC4AA123141CC18400F63435 /* ASIAuthenticationDialog.m in Sources */,
				EC4AA124141CC18400F63435 /* ASIDataCompressor.m in Sources */,
				EC4AA125141CC18400F63435 /* ASIDataDecompressor.m in Sources */,
				EC4AA126141CC18400F63435 /* ASIDownloadCache.m in Sources */,
				EC4AA127141CC18400F63435 /* ASIFormDataRequest.m in Sources */,
				EC4AA128141CC18400F63435 /* ASIHTTPRequest.m in Sources */,
				EC4AA129141CC18400F63435 /* ASIInputStream.m in Sources */,
				EC4AA12A141CC18400F63435 /* ASINetworkQueue.m in Sources */,
				EC4AA12B141CC18400F63435 /* Reachability.m in Sources */,
				EC4AA12C141CC18400F63435 /* NSData+Base64.m in Sources */,
				EC4AA12D141CC18400F63435 /* NSDictionary+QueryString.m in Sources */,
				EC4AA12E141CC18400F63435 /* NSString+QueryString.m in Sources */,
				EC4AA12F141CC18400F63435 /* KeychainItemWrapper.m in Sources */,
				EC4AA130141CC18400F63435 /* NSObject+KVOBlockBinding.m in Sources */,
				EC4AA131141CC18400F63435 /* MBProgressHUD.m in Sources */,
				EC4AA132141CC18400F63435 /* NSObject+SBJson.m in Sources */,
				EC4AA133141CC18400F63435 /* SBJsonParser.m in Sources */,
				EC4AA134141CC18400F63435 /* SBJsonStreamParser.m in Sources */,
				EC4AA135141CC18400F63435 /* SBJsonStreamParserAccumulator.m in Sources */,
				EC4AA136141CC18400F63435 /* SBJsonStreamParserAdapter.m in Sources */,
				EC4AA137141CC18400F63435 /* SBJsonStreamParserState.m in Sources */,
				EC4AA138141CC18400F63435 /* SBJsonStreamWriter.m in Sources */,
				EC4AA139141CC18400F63435 /* SBJsonStreamWriterAccumulator.m in Sources */,
				EC4AA13A141CC18400F63435 /* SBJsonStreamWriterState.m in Sources */,
				EC4AA13B141CC18400F63435 /* SBJsonTokeniser.m in Sources */,
				EC4AA13C141CC18400F63435 /* SBJsonUTF8Stream.m in Sources */,
				EC4AA13D141CC18400F63435 /* SBJsonWriter.m in Sources */,
			);
			runOnlyForDeploymentPostprocessing = 0;
		};
/* End PBXSourcesBuildPhase section */

/* Begin PBXVariantGroup section */
		EC5B653313F0045A00EBA5A1 /* InfoPlist.strings */ = {
			isa = PBXVariantGroup;
			children = (
				EC5B653413F0045A00EBA5A1 /* en */,
			);
			name = InfoPlist.strings;
			sourceTree = "<group>";
		};
		EC5B653513F0045A00EBA5A1 /* MainWindow.xib */ = {
			isa = PBXVariantGroup;
			children = (
				EC5B653613F0045A00EBA5A1 /* en */,
			);
			name = MainWindow.xib;
			sourceTree = "<group>";
		};
/* End PBXVariantGroup section */

/* Begin XCBuildConfiguration section */
		EC5B648B13F0019100EBA5A1 /* Debug */ = {
			isa = XCBuildConfiguration;
			buildSettings = {
				ALWAYS_SEARCH_USER_PATHS = NO;
				ARCHS = "$(ARCHS_STANDARD_32_BIT)";
				"CODE_SIGN_IDENTITY[sdk=iphoneos*]" = "iPhone Developer";
				COPY_PHASE_STRIP = NO;
				GCC_C_LANGUAGE_STANDARD = gnu99;
				GCC_DYNAMIC_NO_PIC = NO;
				GCC_OPTIMIZATION_LEVEL = 0;
				GCC_PREPROCESSOR_DEFINITIONS = "";
				GCC_SYMBOLS_PRIVATE_EXTERN = NO;
				GCC_VERSION = com.apple.compilers.llvmgcc42;
				GCC_WARN_ABOUT_MISSING_PROTOTYPES = YES;
				GCC_WARN_ABOUT_RETURN_TYPE = YES;
				GCC_WARN_UNUSED_VARIABLE = YES;
				IPHONEOS_DEPLOYMENT_TARGET = 4.3;
				SDKROOT = iphoneos;
			};
			name = Debug;
		};
		EC5B648C13F0019100EBA5A1 /* Release */ = {
			isa = XCBuildConfiguration;
			buildSettings = {
				ALWAYS_SEARCH_USER_PATHS = NO;
				ARCHS = "$(ARCHS_STANDARD_32_BIT)";
				"CODE_SIGN_IDENTITY[sdk=iphoneos*]" = "iPhone Developer";
				COPY_PHASE_STRIP = YES;
				GCC_C_LANGUAGE_STANDARD = gnu99;
				GCC_PREPROCESSOR_DEFINITIONS = "";
				GCC_VERSION = com.apple.compilers.llvmgcc42;
				GCC_WARN_ABOUT_MISSING_PROTOTYPES = YES;
				GCC_WARN_ABOUT_RETURN_TYPE = YES;
				GCC_WARN_UNUSED_VARIABLE = YES;
				IPHONEOS_DEPLOYMENT_TARGET = 4.3;
				OTHER_CFLAGS = "-DNS_BLOCK_ASSERTIONS=1";
				SDKROOT = iphoneos;
				VALIDATE_PRODUCT = YES;
			};
			name = Release;
		};
		EC5B648E13F0019100EBA5A1 /* Debug */ = {
			isa = XCBuildConfiguration;
			buildSettings = {
				GCC_PRECOMPILE_PREFIX_HEADER = YES;
				GCC_PREFIX_HEADER = "KitchenSink/KitchenSink-Prefix.pch";
				INFOPLIST_FILE = "KitchenSink/KitchenSink-Info.plist";
				OTHER_LDFLAGS = "-ObjC";
				PRODUCT_NAME = "$(TARGET_NAME)";
				WRAPPER_EXTENSION = app;
			};
			name = Debug;
		};
		EC5B648F13F0019100EBA5A1 /* Release */ = {
			isa = XCBuildConfiguration;
			buildSettings = {
				GCC_PRECOMPILE_PREFIX_HEADER = YES;
				GCC_PREFIX_HEADER = "KitchenSink/KitchenSink-Prefix.pch";
				INFOPLIST_FILE = "KitchenSink/KitchenSink-Info.plist";
				OTHER_LDFLAGS = "-ObjC";
				PRODUCT_NAME = "$(TARGET_NAME)";
				WRAPPER_EXTENSION = app;
			};
			name = Release;
		};
/* End XCBuildConfiguration section */

/* Begin XCConfigurationList section */
		EC5B646613F0019100EBA5A1 /* Build configuration list for PBXProject "KitchenSink" */ = {
			isa = XCConfigurationList;
			buildConfigurations = (
				EC5B648B13F0019100EBA5A1 /* Debug */,
				EC5B648C13F0019100EBA5A1 /* Release */,
			);
			defaultConfigurationIsVisible = 0;
			defaultConfigurationName = Release;
		};
		EC5B648D13F0019100EBA5A1 /* Build configuration list for PBXNativeTarget "KitchenSink" */ = {
			isa = XCConfigurationList;
			buildConfigurations = (
				EC5B648E13F0019100EBA5A1 /* Debug */,
				EC5B648F13F0019100EBA5A1 /* Release */,
			);
			defaultConfigurationIsVisible = 0;
			defaultConfigurationName = Release;
		};
/* End XCConfigurationList section */
	};
	rootObject = EC5B646313F0019100EBA5A1 /* Project object */;
}
